// !$*UTF8*$!
{
	archiveVersion = 1;
	classes = {
	};
	objectVersion = 55;
	objects = {

/* Begin PBXBuildFile section */
		7F093D2E2880F42300AC0D75 /* ActivityViewModel.swift in Sources */ = {isa = PBXBuildFile; fileRef = 7F093D2D2880F42300AC0D75 /* ActivityViewModel.swift */; };
		7F093D302880F42D00AC0D75 /* ActivityView.swift in Sources */ = {isa = PBXBuildFile; fileRef = 7F093D2F2880F42D00AC0D75 /* ActivityView.swift */; };
		7F0EB6CA283DB13C00721D81 /* ActivityListCellView.swift in Sources */ = {isa = PBXBuildFile; fileRef = 7F0EB6C9283DB13C00721D81 /* ActivityListCellView.swift */; };
		7F0EB6CC283DB1AC00721D81 /* MockData.swift in Sources */ = {isa = PBXBuildFile; fileRef = 7F0EB6CB283DB1AC00721D81 /* MockData.swift */; };
		7F0EB6CF284C12AB00721D81 /* SettingsView.swift in Sources */ = {isa = PBXBuildFile; fileRef = 7F0EB6CE284C12AB00721D81 /* SettingsView.swift */; };
		7F0EB6D1284D3CFF00721D81 /* Double+Ext.swift in Sources */ = {isa = PBXBuildFile; fileRef = 7F0EB6D0284D3CFF00721D81 /* Double+Ext.swift */; };
		7F4E8D30285509A5003B0A04 /* String+Ext.swift in Sources */ = {isa = PBXBuildFile; fileRef = 7F4E8D2F285509A4003B0A04 /* String+Ext.swift */; };
		7F4E8D322855328D003B0A04 /* NetworkManager.swift in Sources */ = {isa = PBXBuildFile; fileRef = 7F4E8D312855328D003B0A04 /* NetworkManager.swift */; };
		7F4E8D34285533D0003B0A04 /* CustomError.swift in Sources */ = {isa = PBXBuildFile; fileRef = 7F4E8D33285533D0003B0A04 /* CustomError.swift */; };
		7F4E8D3628553A48003B0A04 /* StravaActivity.swift in Sources */ = {isa = PBXBuildFile; fileRef = 7F4E8D3528553A48003B0A04 /* StravaActivity.swift */; };
		7F4E8D3828553AD4003B0A04 /* ActivityRequestManager.swift in Sources */ = {isa = PBXBuildFile; fileRef = 7F4E8D3728553AD4003B0A04 /* ActivityRequestManager.swift */; };
		7F4E8D3A28567009003B0A04 /* DeveloperView.swift in Sources */ = {isa = PBXBuildFile; fileRef = 7F4E8D3928567009003B0A04 /* DeveloperView.swift */; };
		7F4E8D3D285670D0003B0A04 /* DeveloperViewModel.swift in Sources */ = {isa = PBXBuildFile; fileRef = 7F4E8D3C285670D0003B0A04 /* DeveloperViewModel.swift */; };
		7F4E8D40285672B8003B0A04 /* KeychainAccess in Frameworks */ = {isa = PBXBuildFile; productRef = 7F4E8D3F285672B8003B0A04 /* KeychainAccess */; };
		7F4E8D422856779F003B0A04 /* KeychainManager.swift in Sources */ = {isa = PBXBuildFile; fileRef = 7F4E8D412856779F003B0A04 /* KeychainManager.swift */; };
		7F4E8D4528567C71003B0A04 /* AuthorizationManager.swift in Sources */ = {isa = PBXBuildFile; fileRef = 7F4E8D4428567C71003B0A04 /* AuthorizationManager.swift */; };
		7F4E8D4728567F04003B0A04 /* AuthDetails.swift in Sources */ = {isa = PBXBuildFile; fileRef = 7F4E8D4628567F04003B0A04 /* AuthDetails.swift */; };
		7F4E8D4928569A9D003B0A04 /* TokenResponse.swift in Sources */ = {isa = PBXBuildFile; fileRef = 7F4E8D4828569A9D003B0A04 /* TokenResponse.swift */; };
		7F861C7C2862B39C00D47C2A /* FVSourceInformation.swift in Sources */ = {isa = PBXBuildFile; fileRef = 7F861C7B2862B39C00D47C2A /* FVSourceInformation.swift */; };
		7FA0EB9B282089C400020DA2 /* FitVizApp.swift in Sources */ = {isa = PBXBuildFile; fileRef = 7FA0EB9A282089C400020DA2 /* FitVizApp.swift */; };
		7FA0EB9D282089C400020DA2 /* RootView.swift in Sources */ = {isa = PBXBuildFile; fileRef = 7FA0EB9C282089C400020DA2 /* RootView.swift */; };
		7FA0EB9F282089C700020DA2 /* Assets.xcassets in Resources */ = {isa = PBXBuildFile; fileRef = 7FA0EB9E282089C700020DA2 /* Assets.xcassets */; };
		7FA0EBA2282089C700020DA2 /* Preview Assets.xcassets in Resources */ = {isa = PBXBuildFile; fileRef = 7FA0EBA1282089C700020DA2 /* Preview Assets.xcassets */; };
		7FA0EBAA28208C8D00020DA2 /* StravaApiPackage in Frameworks */ = {isa = PBXBuildFile; productRef = 7FA0EBA928208C8D00020DA2 /* StravaApiPackage */; };
		7FA0EBAE28208D8B00020DA2 /* RootViewModel.swift in Sources */ = {isa = PBXBuildFile; fileRef = 7FA0EBAD28208D8B00020DA2 /* RootViewModel.swift */; };
		7FA0EBB128208DFE00020DA2 /* Source.swift in Sources */ = {isa = PBXBuildFile; fileRef = 7FA0EBB028208DFE00020DA2 /* Source.swift */; };
		7FA0EBB428208E8D00020DA2 /* HomeFeedView.swift in Sources */ = {isa = PBXBuildFile; fileRef = 7FA0EBB328208E8D00020DA2 /* HomeFeedView.swift */; };
		7FA0EBB7282090A000020DA2 /* CloudKitManager.swift in Sources */ = {isa = PBXBuildFile; fileRef = 7FA0EBB6282090A000020DA2 /* CloudKitManager.swift */; };
		7FA0EBB92820925B00020DA2 /* HomeFeedViewModel.swift in Sources */ = {isa = PBXBuildFile; fileRef = 7FA0EBB82820925B00020DA2 /* HomeFeedViewModel.swift */; };
		7FA0EBBB282092F100020DA2 /* Constants.swift in Sources */ = {isa = PBXBuildFile; fileRef = 7FA0EBBA282092F100020DA2 /* Constants.swift */; };
		7FA0EBBF2827141600020DA2 /* CloudKit.framework in Frameworks */ = {isa = PBXBuildFile; fileRef = 7FA0EBBE2827141600020DA2 /* CloudKit.framework */; };
		7FA0EBC228271EBF00020DA2 /* FVActivity.swift in Sources */ = {isa = PBXBuildFile; fileRef = 7FA0EBC128271EBF00020DA2 /* FVActivity.swift */; };
		7FA0EBC42827218900020DA2 /* ActivityListView.swift in Sources */ = {isa = PBXBuildFile; fileRef = 7FA0EBC32827218900020DA2 /* ActivityListView.swift */; };
		7FA0EBC728396C6500020DA2 /* CKRecord+Ext.swift in Sources */ = {isa = PBXBuildFile; fileRef = 7FA0EBC628396C6500020DA2 /* CKRecord+Ext.swift */; };
		7FB5769D285FB5BE007FF570 /* UserDefaultsManager.swift in Sources */ = {isa = PBXBuildFile; fileRef = 7FB5769C285FB5BD007FF570 /* UserDefaultsManager.swift */; };
		7FEFB12D286175BF00A7408D /* HealthKit.framework in Frameworks */ = {isa = PBXBuildFile; fileRef = 7FEFB12C286175BF00A7408D /* HealthKit.framework */; };
		7FEFB12F286175F400A7408D /* HealthKitManager.swift in Sources */ = {isa = PBXBuildFile; fileRef = 7FEFB12E286175F400A7408D /* HealthKitManager.swift */; };
/* End PBXBuildFile section */

/* Begin PBXFileReference section */
		7F093D2D2880F42300AC0D75 /* ActivityViewModel.swift */ = {isa = PBXFileReference; lastKnownFileType = sourcecode.swift; path = ActivityViewModel.swift; sourceTree = "<group>"; };
		7F093D2F2880F42D00AC0D75 /* ActivityView.swift */ = {isa = PBXFileReference; lastKnownFileType = sourcecode.swift; path = ActivityView.swift; sourceTree = "<group>"; };
		7F0EB6C9283DB13C00721D81 /* ActivityListCellView.swift */ = {isa = PBXFileReference; lastKnownFileType = sourcecode.swift; path = ActivityListCellView.swift; sourceTree = "<group>"; };
		7F0EB6CB283DB1AC00721D81 /* MockData.swift */ = {isa = PBXFileReference; lastKnownFileType = sourcecode.swift; path = MockData.swift; sourceTree = "<group>"; };
		7F0EB6CE284C12AB00721D81 /* SettingsView.swift */ = {isa = PBXFileReference; lastKnownFileType = sourcecode.swift; path = SettingsView.swift; sourceTree = "<group>"; };
		7F0EB6D0284D3CFF00721D81 /* Double+Ext.swift */ = {isa = PBXFileReference; lastKnownFileType = sourcecode.swift; path = "Double+Ext.swift"; sourceTree = "<group>"; };
		7F4E8D2F285509A4003B0A04 /* String+Ext.swift */ = {isa = PBXFileReference; lastKnownFileType = sourcecode.swift; path = "String+Ext.swift"; sourceTree = "<group>"; };
		7F4E8D312855328D003B0A04 /* NetworkManager.swift */ = {isa = PBXFileReference; lastKnownFileType = sourcecode.swift; path = NetworkManager.swift; sourceTree = "<group>"; };
		7F4E8D33285533D0003B0A04 /* CustomError.swift */ = {isa = PBXFileReference; lastKnownFileType = sourcecode.swift; path = CustomError.swift; sourceTree = "<group>"; };
		7F4E8D3528553A48003B0A04 /* StravaActivity.swift */ = {isa = PBXFileReference; lastKnownFileType = sourcecode.swift; path = StravaActivity.swift; sourceTree = "<group>"; };
		7F4E8D3728553AD4003B0A04 /* ActivityRequestManager.swift */ = {isa = PBXFileReference; lastKnownFileType = sourcecode.swift; path = ActivityRequestManager.swift; sourceTree = "<group>"; };
		7F4E8D3928567009003B0A04 /* DeveloperView.swift */ = {isa = PBXFileReference; lastKnownFileType = sourcecode.swift; path = DeveloperView.swift; sourceTree = "<group>"; };
		7F4E8D3C285670D0003B0A04 /* DeveloperViewModel.swift */ = {isa = PBXFileReference; lastKnownFileType = sourcecode.swift; path = DeveloperViewModel.swift; sourceTree = "<group>"; };
		7F4E8D412856779F003B0A04 /* KeychainManager.swift */ = {isa = PBXFileReference; lastKnownFileType = sourcecode.swift; path = KeychainManager.swift; sourceTree = "<group>"; };
		7F4E8D4428567C71003B0A04 /* AuthorizationManager.swift */ = {isa = PBXFileReference; lastKnownFileType = sourcecode.swift; path = AuthorizationManager.swift; sourceTree = "<group>"; };
		7F4E8D4628567F04003B0A04 /* AuthDetails.swift */ = {isa = PBXFileReference; lastKnownFileType = sourcecode.swift; path = AuthDetails.swift; sourceTree = "<group>"; };
		7F4E8D4828569A9D003B0A04 /* TokenResponse.swift */ = {isa = PBXFileReference; lastKnownFileType = sourcecode.swift; path = TokenResponse.swift; sourceTree = "<group>"; };
		7F4E8D4A28569CBA003B0A04 /* Info.plist */ = {isa = PBXFileReference; lastKnownFileType = text.plist; path = Info.plist; sourceTree = "<group>"; };
		7F861C7B2862B39C00D47C2A /* FVSourceInformation.swift */ = {isa = PBXFileReference; lastKnownFileType = sourcecode.swift; path = FVSourceInformation.swift; sourceTree = "<group>"; };
		7FA0EB97282089C400020DA2 /* FitViz.app */ = {isa = PBXFileReference; explicitFileType = wrapper.application; includeInIndex = 0; path = FitViz.app; sourceTree = BUILT_PRODUCTS_DIR; };
		7FA0EB9A282089C400020DA2 /* FitVizApp.swift */ = {isa = PBXFileReference; lastKnownFileType = sourcecode.swift; path = FitVizApp.swift; sourceTree = "<group>"; };
		7FA0EB9C282089C400020DA2 /* RootView.swift */ = {isa = PBXFileReference; lastKnownFileType = sourcecode.swift; path = RootView.swift; sourceTree = "<group>"; };
		7FA0EB9E282089C700020DA2 /* Assets.xcassets */ = {isa = PBXFileReference; lastKnownFileType = folder.assetcatalog; path = Assets.xcassets; sourceTree = "<group>"; };
		7FA0EBA1282089C700020DA2 /* Preview Assets.xcassets */ = {isa = PBXFileReference; lastKnownFileType = folder.assetcatalog; path = "Preview Assets.xcassets"; sourceTree = "<group>"; };
		7FA0EBAD28208D8B00020DA2 /* RootViewModel.swift */ = {isa = PBXFileReference; lastKnownFileType = sourcecode.swift; path = RootViewModel.swift; sourceTree = "<group>"; };
		7FA0EBB028208DFE00020DA2 /* Source.swift */ = {isa = PBXFileReference; lastKnownFileType = sourcecode.swift; path = Source.swift; sourceTree = "<group>"; };
		7FA0EBB328208E8D00020DA2 /* HomeFeedView.swift */ = {isa = PBXFileReference; lastKnownFileType = sourcecode.swift; path = HomeFeedView.swift; sourceTree = "<group>"; };
		7FA0EBB6282090A000020DA2 /* CloudKitManager.swift */ = {isa = PBXFileReference; lastKnownFileType = sourcecode.swift; path = CloudKitManager.swift; sourceTree = "<group>"; };
		7FA0EBB82820925B00020DA2 /* HomeFeedViewModel.swift */ = {isa = PBXFileReference; lastKnownFileType = sourcecode.swift; path = HomeFeedViewModel.swift; sourceTree = "<group>"; };
		7FA0EBBA282092F100020DA2 /* Constants.swift */ = {isa = PBXFileReference; lastKnownFileType = sourcecode.swift; path = Constants.swift; sourceTree = "<group>"; };
		7FA0EBBC2827141200020DA2 /* FitViz.entitlements */ = {isa = PBXFileReference; lastKnownFileType = text.plist.entitlements; path = FitViz.entitlements; sourceTree = "<group>"; };
		7FA0EBBE2827141600020DA2 /* CloudKit.framework */ = {isa = PBXFileReference; lastKnownFileType = wrapper.framework; name = CloudKit.framework; path = System/Library/Frameworks/CloudKit.framework; sourceTree = SDKROOT; };
		7FA0EBC128271EBF00020DA2 /* FVActivity.swift */ = {isa = PBXFileReference; lastKnownFileType = sourcecode.swift; path = FVActivity.swift; sourceTree = "<group>"; };
		7FA0EBC32827218900020DA2 /* ActivityListView.swift */ = {isa = PBXFileReference; lastKnownFileType = sourcecode.swift; path = ActivityListView.swift; sourceTree = "<group>"; };
		7FA0EBC628396C6500020DA2 /* CKRecord+Ext.swift */ = {isa = PBXFileReference; lastKnownFileType = sourcecode.swift; path = "CKRecord+Ext.swift"; sourceTree = "<group>"; };
		7FB5769C285FB5BD007FF570 /* UserDefaultsManager.swift */ = {isa = PBXFileReference; lastKnownFileType = sourcecode.swift; path = UserDefaultsManager.swift; sourceTree = "<group>"; };
		7FEFB12C286175BF00A7408D /* HealthKit.framework */ = {isa = PBXFileReference; lastKnownFileType = wrapper.framework; name = HealthKit.framework; path = System/Library/Frameworks/HealthKit.framework; sourceTree = SDKROOT; };
		7FEFB12E286175F400A7408D /* HealthKitManager.swift */ = {isa = PBXFileReference; lastKnownFileType = sourcecode.swift; path = HealthKitManager.swift; sourceTree = "<group>"; };
/* End PBXFileReference section */

/* Begin PBXFrameworksBuildPhase section */
		7FA0EB94282089C400020DA2 /* Frameworks */ = {
			isa = PBXFrameworksBuildPhase;
			buildActionMask = 2147483647;
			files = (
				7FA0EBAA28208C8D00020DA2 /* StravaApiPackage in Frameworks */,
				7FEFB12D286175BF00A7408D /* HealthKit.framework in Frameworks */,
				7FA0EBBF2827141600020DA2 /* CloudKit.framework in Frameworks */,
				7F4E8D40285672B8003B0A04 /* KeychainAccess in Frameworks */,
			);
			runOnlyForDeploymentPostprocessing = 0;
		};
/* End PBXFrameworksBuildPhase section */

/* Begin PBXGroup section */
		7F093D2C2880F40C00AC0D75 /* ActivityView */ = {
			isa = PBXGroup;
			children = (
				7F093D2D2880F42300AC0D75 /* ActivityViewModel.swift */,
				7F093D2F2880F42D00AC0D75 /* ActivityView.swift */,
			);
			path = ActivityView;
			sourceTree = "<group>";
		};
		7F0EB6CD284C127F00721D81 /* SettingsView */ = {
			isa = PBXGroup;
			children = (
				7F0EB6CE284C12AB00721D81 /* SettingsView.swift */,
			);
			path = SettingsView;
			sourceTree = "<group>";
		};
		7F4E8D3B28567040003B0A04 /* DeveloperView */ = {
			isa = PBXGroup;
			children = (
				7F4E8D3C285670D0003B0A04 /* DeveloperViewModel.swift */,
				7F4E8D3928567009003B0A04 /* DeveloperView.swift */,
			);
			path = DeveloperView;
			sourceTree = "<group>";
		};
		7F861C7A2862B2D600D47C2A /* Cloudkit */ = {
			isa = PBXGroup;
			children = (
				7FA0EBC128271EBF00020DA2 /* FVActivity.swift */,
				7F861C7B2862B39C00D47C2A /* FVSourceInformation.swift */,
			);
			path = Cloudkit;
			sourceTree = "<group>";
		};
		7FA0EB8E282089C300020DA2 = {
			isa = PBXGroup;
			children = (
				7FA0EB99282089C400020DA2 /* FitViz */,
				7FA0EB98282089C400020DA2 /* Products */,
				7FA0EBBD2827141600020DA2 /* Frameworks */,
			);
			sourceTree = "<group>";
		};
		7FA0EB98282089C400020DA2 /* Products */ = {
			isa = PBXGroup;
			children = (
				7FA0EB97282089C400020DA2 /* FitViz.app */,
			);
			name = Products;
			sourceTree = "<group>";
		};
		7FA0EB99282089C400020DA2 /* FitViz */ = {
			isa = PBXGroup;
			children = (
				7F4E8D4A28569CBA003B0A04 /* Info.plist */,
				7FA0EBBC2827141200020DA2 /* FitViz.entitlements */,
				7FA0EBB52820908900020DA2 /* Managers */,
				7FA0EBAF28208DE800020DA2 /* Utilities */,
				7FA0EBC028271EAC00020DA2 /* Model */,
				7FA0EBAB28208D6600020DA2 /* Views */,
				7FA0EB9A282089C400020DA2 /* FitVizApp.swift */,
				7FA0EB9E282089C700020DA2 /* Assets.xcassets */,
				7FA0EBA0282089C700020DA2 /* Preview Content */,
			);
			path = FitViz;
			sourceTree = "<group>";
		};
		7FA0EBA0282089C700020DA2 /* Preview Content */ = {
			isa = PBXGroup;
			children = (
				7FA0EBA1282089C700020DA2 /* Preview Assets.xcassets */,
			);
			path = "Preview Content";
			sourceTree = "<group>";
		};
		7FA0EBAB28208D6600020DA2 /* Views */ = {
			isa = PBXGroup;
			children = (
				7FA0EBAC28208D7300020DA2 /* RootView */,
				7FA0EBB228208E5000020DA2 /* HomeFeedView */,
				7F093D2C2880F40C00AC0D75 /* ActivityView */,
				7F0EB6CD284C127F00721D81 /* SettingsView */,
				7F4E8D3B28567040003B0A04 /* DeveloperView */,
			);
			path = Views;
			sourceTree = "<group>";
		};
		7FA0EBAC28208D7300020DA2 /* RootView */ = {
			isa = PBXGroup;
			children = (
				7FA0EBAD28208D8B00020DA2 /* RootViewModel.swift */,
				7FA0EB9C282089C400020DA2 /* RootView.swift */,
			);
			path = RootView;
			sourceTree = "<group>";
		};
		7FA0EBAF28208DE800020DA2 /* Utilities */ = {
			isa = PBXGroup;
			children = (
				7FA0EBC528396C5200020DA2 /* Extensions */,
				7FA0EBB028208DFE00020DA2 /* Source.swift */,
				7FA0EBBA282092F100020DA2 /* Constants.swift */,
				7F4E8D33285533D0003B0A04 /* CustomError.swift */,
				7F4E8D4628567F04003B0A04 /* AuthDetails.swift */,
			);
			path = Utilities;
			sourceTree = "<group>";
		};
		7FA0EBB228208E5000020DA2 /* HomeFeedView */ = {
			isa = PBXGroup;
			children = (
				7FA0EBB82820925B00020DA2 /* HomeFeedViewModel.swift */,
				7FA0EBB328208E8D00020DA2 /* HomeFeedView.swift */,
				7FA0EBC32827218900020DA2 /* ActivityListView.swift */,
				7F0EB6C9283DB13C00721D81 /* ActivityListCellView.swift */,
			);
			path = HomeFeedView;
			sourceTree = "<group>";
		};
		7FA0EBB52820908900020DA2 /* Managers */ = {
			isa = PBXGroup;
			children = (
				7F4E8D4428567C71003B0A04 /* AuthorizationManager.swift */,
				7FA0EBB6282090A000020DA2 /* CloudKitManager.swift */,
				7F4E8D312855328D003B0A04 /* NetworkManager.swift */,
				7F4E8D3728553AD4003B0A04 /* ActivityRequestManager.swift */,
				7FEFB12E286175F400A7408D /* HealthKitManager.swift */,
				7F4E8D412856779F003B0A04 /* KeychainManager.swift */,
				7FB5769C285FB5BD007FF570 /* UserDefaultsManager.swift */,
			);
			path = Managers;
			sourceTree = "<group>";
		};
		7FA0EBBD2827141600020DA2 /* Frameworks */ = {
			isa = PBXGroup;
			children = (
				7FEFB12C286175BF00A7408D /* HealthKit.framework */,
				7FA0EBBE2827141600020DA2 /* CloudKit.framework */,
			);
			name = Frameworks;
			sourceTree = "<group>";
		};
		7FA0EBC028271EAC00020DA2 /* Model */ = {
			isa = PBXGroup;
			children = (
				7F861C7A2862B2D600D47C2A /* Cloudkit */,
				7F0EB6CB283DB1AC00721D81 /* MockData.swift */,
				7F4E8D3528553A48003B0A04 /* StravaActivity.swift */,
				7F4E8D4828569A9D003B0A04 /* TokenResponse.swift */,
			);
			path = Model;
			sourceTree = "<group>";
		};
		7FA0EBC528396C5200020DA2 /* Extensions */ = {
			isa = PBXGroup;
			children = (
				7FA0EBC628396C6500020DA2 /* CKRecord+Ext.swift */,
				7F0EB6D0284D3CFF00721D81 /* Double+Ext.swift */,
				7F4E8D2F285509A4003B0A04 /* String+Ext.swift */,
			);
			path = Extensions;
			sourceTree = "<group>";
		};
/* End PBXGroup section */

/* Begin PBXNativeTarget section */
		7FA0EB96282089C400020DA2 /* FitViz */ = {
			isa = PBXNativeTarget;
			buildConfigurationList = 7FA0EBA5282089C700020DA2 /* Build configuration list for PBXNativeTarget "FitViz" */;
			buildPhases = (
				7FA0EB93282089C400020DA2 /* Sources */,
				7FA0EB94282089C400020DA2 /* Frameworks */,
				7FA0EB95282089C400020DA2 /* Resources */,
			);
			buildRules = (
			);
			dependencies = (
			);
			name = FitViz;
			packageProductDependencies = (
				7FA0EBA928208C8D00020DA2 /* StravaApiPackage */,
				7F4E8D3F285672B8003B0A04 /* KeychainAccess */,
			);
			productName = FitViz;
			productReference = 7FA0EB97282089C400020DA2 /* FitViz.app */;
			productType = "com.apple.product-type.application";
		};
/* End PBXNativeTarget section */

/* Begin PBXProject section */
		7FA0EB8F282089C300020DA2 /* Project object */ = {
			isa = PBXProject;
			attributes = {
				BuildIndependentTargetsInParallel = 1;
				LastSwiftUpdateCheck = 1320;
				LastUpgradeCheck = 1320;
				TargetAttributes = {
					7FA0EB96282089C400020DA2 = {
						CreatedOnToolsVersion = 13.2.1;
					};
				};
			};
			buildConfigurationList = 7FA0EB92282089C300020DA2 /* Build configuration list for PBXProject "FitViz" */;
			compatibilityVersion = "Xcode 13.0";
			developmentRegion = en;
			hasScannedForEncodings = 0;
			knownRegions = (
				en,
				Base,
			);
			mainGroup = 7FA0EB8E282089C300020DA2;
			packageReferences = (
				7FA0EBA828208C8D00020DA2 /* XCRemoteSwiftPackageReference "StravaApiPackage" */,
				7F4E8D3E285672B8003B0A04 /* XCRemoteSwiftPackageReference "KeychainAccess" */,
			);
			productRefGroup = 7FA0EB98282089C400020DA2 /* Products */;
			projectDirPath = "";
			projectRoot = "";
			targets = (
				7FA0EB96282089C400020DA2 /* FitViz */,
			);
		};
/* End PBXProject section */

/* Begin PBXResourcesBuildPhase section */
		7FA0EB95282089C400020DA2 /* Resources */ = {
			isa = PBXResourcesBuildPhase;
			buildActionMask = 2147483647;
			files = (
				7FA0EBA2282089C700020DA2 /* Preview Assets.xcassets in Resources */,
				7FA0EB9F282089C700020DA2 /* Assets.xcassets in Resources */,
			);
			runOnlyForDeploymentPostprocessing = 0;
		};
/* End PBXResourcesBuildPhase section */

/* Begin PBXSourcesBuildPhase section */
		7FA0EB93282089C400020DA2 /* Sources */ = {
			isa = PBXSourcesBuildPhase;
			buildActionMask = 2147483647;
			files = (
				7F4E8D3828553AD4003B0A04 /* ActivityRequestManager.swift in Sources */,
				7FA0EBB128208DFE00020DA2 /* Source.swift in Sources */,
				7FA0EBC42827218900020DA2 /* ActivityListView.swift in Sources */,
				7FA0EBB428208E8D00020DA2 /* HomeFeedView.swift in Sources */,
				7F0EB6CC283DB1AC00721D81 /* MockData.swift in Sources */,
				7F093D2E2880F42300AC0D75 /* ActivityViewModel.swift in Sources */,
				7F4E8D3D285670D0003B0A04 /* DeveloperViewModel.swift in Sources */,
				7FA0EBB7282090A000020DA2 /* CloudKitManager.swift in Sources */,
				7F4E8D34285533D0003B0A04 /* CustomError.swift in Sources */,
				7FA0EB9D282089C400020DA2 /* RootView.swift in Sources */,
				7F0EB6CA283DB13C00721D81 /* ActivityListCellView.swift in Sources */,
				7F4E8D4728567F04003B0A04 /* AuthDetails.swift in Sources */,
				7F0EB6CF284C12AB00721D81 /* SettingsView.swift in Sources */,
				7FA0EBC228271EBF00020DA2 /* FVActivity.swift in Sources */,
				7FA0EBC728396C6500020DA2 /* CKRecord+Ext.swift in Sources */,
				7F4E8D3A28567009003B0A04 /* DeveloperView.swift in Sources */,
				7F4E8D322855328D003B0A04 /* NetworkManager.swift in Sources */,
				7F4E8D4928569A9D003B0A04 /* TokenResponse.swift in Sources */,
				7FA0EBB92820925B00020DA2 /* HomeFeedViewModel.swift in Sources */,
				7FA0EBAE28208D8B00020DA2 /* RootViewModel.swift in Sources */,
				7F4E8D4528567C71003B0A04 /* AuthorizationManager.swift in Sources */,
				7F4E8D422856779F003B0A04 /* KeychainManager.swift in Sources */,
				7F4E8D3628553A48003B0A04 /* StravaActivity.swift in Sources */,
				7FA0EB9B282089C400020DA2 /* FitVizApp.swift in Sources */,
				7FB5769D285FB5BE007FF570 /* UserDefaultsManager.swift in Sources */,
				7FA0EBBB282092F100020DA2 /* Constants.swift in Sources */,
				7F093D302880F42D00AC0D75 /* ActivityView.swift in Sources */,
				7F4E8D30285509A5003B0A04 /* String+Ext.swift in Sources */,
				7FEFB12F286175F400A7408D /* HealthKitManager.swift in Sources */,
				7F0EB6D1284D3CFF00721D81 /* Double+Ext.swift in Sources */,
				7F861C7C2862B39C00D47C2A /* FVSourceInformation.swift in Sources */,
			);
			runOnlyForDeploymentPostprocessing = 0;
		};
/* End PBXSourcesBuildPhase section */

/* Begin XCBuildConfiguration section */
		7FA0EBA3282089C700020DA2 /* Debug */ = {
			isa = XCBuildConfiguration;
			buildSettings = {
				ALWAYS_SEARCH_USER_PATHS = NO;
				CLANG_ANALYZER_NONNULL = YES;
				CLANG_ANALYZER_NUMBER_OBJECT_CONVERSION = YES_AGGRESSIVE;
				CLANG_CXX_LANGUAGE_STANDARD = "gnu++17";
				CLANG_CXX_LIBRARY = "libc++";
				CLANG_ENABLE_MODULES = YES;
				CLANG_ENABLE_OBJC_ARC = YES;
				CLANG_ENABLE_OBJC_WEAK = YES;
				CLANG_WARN_BLOCK_CAPTURE_AUTORELEASING = YES;
				CLANG_WARN_BOOL_CONVERSION = YES;
				CLANG_WARN_COMMA = YES;
				CLANG_WARN_CONSTANT_CONVERSION = YES;
				CLANG_WARN_DEPRECATED_OBJC_IMPLEMENTATIONS = YES;
				CLANG_WARN_DIRECT_OBJC_ISA_USAGE = YES_ERROR;
				CLANG_WARN_DOCUMENTATION_COMMENTS = YES;
				CLANG_WARN_EMPTY_BODY = YES;
				CLANG_WARN_ENUM_CONVERSION = YES;
				CLANG_WARN_INFINITE_RECURSION = YES;
				CLANG_WARN_INT_CONVERSION = YES;
				CLANG_WARN_NON_LITERAL_NULL_CONVERSION = YES;
				CLANG_WARN_OBJC_IMPLICIT_RETAIN_SELF = YES;
				CLANG_WARN_OBJC_LITERAL_CONVERSION = YES;
				CLANG_WARN_OBJC_ROOT_CLASS = YES_ERROR;
				CLANG_WARN_QUOTED_INCLUDE_IN_FRAMEWORK_HEADER = YES;
				CLANG_WARN_RANGE_LOOP_ANALYSIS = YES;
				CLANG_WARN_STRICT_PROTOTYPES = YES;
				CLANG_WARN_SUSPICIOUS_MOVE = YES;
				CLANG_WARN_UNGUARDED_AVAILABILITY = YES_AGGRESSIVE;
				CLANG_WARN_UNREACHABLE_CODE = YES;
				CLANG_WARN__DUPLICATE_METHOD_MATCH = YES;
				COPY_PHASE_STRIP = NO;
				DEBUG_INFORMATION_FORMAT = dwarf;
				ENABLE_STRICT_OBJC_MSGSEND = YES;
				ENABLE_TESTABILITY = YES;
				GCC_C_LANGUAGE_STANDARD = gnu11;
				GCC_DYNAMIC_NO_PIC = NO;
				GCC_NO_COMMON_BLOCKS = YES;
				GCC_OPTIMIZATION_LEVEL = 0;
				GCC_PREPROCESSOR_DEFINITIONS = (
					"DEBUG=1",
					"$(inherited)",
				);
				GCC_WARN_64_TO_32_BIT_CONVERSION = YES;
				GCC_WARN_ABOUT_RETURN_TYPE = YES_ERROR;
				GCC_WARN_UNDECLARED_SELECTOR = YES;
				GCC_WARN_UNINITIALIZED_AUTOS = YES_AGGRESSIVE;
				GCC_WARN_UNUSED_FUNCTION = YES;
				GCC_WARN_UNUSED_VARIABLE = YES;
				IPHONEOS_DEPLOYMENT_TARGET = 15.2;
				MTL_ENABLE_DEBUG_INFO = INCLUDE_SOURCE;
				MTL_FAST_MATH = YES;
				ONLY_ACTIVE_ARCH = YES;
				SDKROOT = iphoneos;
				SWIFT_ACTIVE_COMPILATION_CONDITIONS = DEBUG;
				SWIFT_OPTIMIZATION_LEVEL = "-Onone";
			};
			name = Debug;
		};
		7FA0EBA4282089C700020DA2 /* Release */ = {
			isa = XCBuildConfiguration;
			buildSettings = {
				ALWAYS_SEARCH_USER_PATHS = NO;
				CLANG_ANALYZER_NONNULL = YES;
				CLANG_ANALYZER_NUMBER_OBJECT_CONVERSION = YES_AGGRESSIVE;
				CLANG_CXX_LANGUAGE_STANDARD = "gnu++17";
				CLANG_CXX_LIBRARY = "libc++";
				CLANG_ENABLE_MODULES = YES;
				CLANG_ENABLE_OBJC_ARC = YES;
				CLANG_ENABLE_OBJC_WEAK = YES;
				CLANG_WARN_BLOCK_CAPTURE_AUTORELEASING = YES;
				CLANG_WARN_BOOL_CONVERSION = YES;
				CLANG_WARN_COMMA = YES;
				CLANG_WARN_CONSTANT_CONVERSION = YES;
				CLANG_WARN_DEPRECATED_OBJC_IMPLEMENTATIONS = YES;
				CLANG_WARN_DIRECT_OBJC_ISA_USAGE = YES_ERROR;
				CLANG_WARN_DOCUMENTATION_COMMENTS = YES;
				CLANG_WARN_EMPTY_BODY = YES;
				CLANG_WARN_ENUM_CONVERSION = YES;
				CLANG_WARN_INFINITE_RECURSION = YES;
				CLANG_WARN_INT_CONVERSION = YES;
				CLANG_WARN_NON_LITERAL_NULL_CONVERSION = YES;
				CLANG_WARN_OBJC_IMPLICIT_RETAIN_SELF = YES;
				CLANG_WARN_OBJC_LITERAL_CONVERSION = YES;
				CLANG_WARN_OBJC_ROOT_CLASS = YES_ERROR;
				CLANG_WARN_QUOTED_INCLUDE_IN_FRAMEWORK_HEADER = YES;
				CLANG_WARN_RANGE_LOOP_ANALYSIS = YES;
				CLANG_WARN_STRICT_PROTOTYPES = YES;
				CLANG_WARN_SUSPICIOUS_MOVE = YES;
				CLANG_WARN_UNGUARDED_AVAILABILITY = YES_AGGRESSIVE;
				CLANG_WARN_UNREACHABLE_CODE = YES;
				CLANG_WARN__DUPLICATE_METHOD_MATCH = YES;
				COPY_PHASE_STRIP = NO;
				DEBUG_INFORMATION_FORMAT = "dwarf-with-dsym";
				ENABLE_NS_ASSERTIONS = NO;
				ENABLE_STRICT_OBJC_MSGSEND = YES;
				GCC_C_LANGUAGE_STANDARD = gnu11;
				GCC_NO_COMMON_BLOCKS = YES;
				GCC_WARN_64_TO_32_BIT_CONVERSION = YES;
				GCC_WARN_ABOUT_RETURN_TYPE = YES_ERROR;
				GCC_WARN_UNDECLARED_SELECTOR = YES;
				GCC_WARN_UNINITIALIZED_AUTOS = YES_AGGRESSIVE;
				GCC_WARN_UNUSED_FUNCTION = YES;
				GCC_WARN_UNUSED_VARIABLE = YES;
				IPHONEOS_DEPLOYMENT_TARGET = 15.2;
				MTL_ENABLE_DEBUG_INFO = NO;
				MTL_FAST_MATH = YES;
				SDKROOT = iphoneos;
				SWIFT_COMPILATION_MODE = wholemodule;
				SWIFT_OPTIMIZATION_LEVEL = "-O";
				VALIDATE_PRODUCT = YES;
			};
			name = Release;
		};
		7FA0EBA6282089C700020DA2 /* Debug */ = {
			isa = XCBuildConfiguration;
			buildSettings = {
				ASSETCATALOG_COMPILER_APPICON_NAME = AppIcon;
				ASSETCATALOG_COMPILER_GLOBAL_ACCENT_COLOR_NAME = AccentColor;
				CODE_SIGN_ENTITLEMENTS = FitViz/FitViz.entitlements;
				CODE_SIGN_IDENTITY = "Apple Development";
				CODE_SIGN_STYLE = Automatic;
				CURRENT_PROJECT_VERSION = 1;
				DEVELOPMENT_ASSET_PATHS = "\"FitViz/Preview Content\"";
				DEVELOPMENT_TEAM = T24L76PMG9;
				ENABLE_PREVIEWS = YES;
				GENERATE_INFOPLIST_FILE = YES;
				INFOPLIST_FILE = FitViz/Info.plist;
				INFOPLIST_KEY_UIApplicationSceneManifest_Generation = YES;
				INFOPLIST_KEY_UIApplicationSupportsIndirectInputEvents = YES;
				INFOPLIST_KEY_UILaunchScreen_Generation = YES;
				INFOPLIST_KEY_UISupportedInterfaceOrientations_iPad = "UIInterfaceOrientationPortrait UIInterfaceOrientationPortraitUpsideDown UIInterfaceOrientationLandscapeLeft UIInterfaceOrientationLandscapeRight";
				INFOPLIST_KEY_UISupportedInterfaceOrientations_iPhone = "UIInterfaceOrientationPortrait UIInterfaceOrientationLandscapeLeft UIInterfaceOrientationLandscapeRight";
				LD_RUNPATH_SEARCH_PATHS = (
					"$(inherited)",
					"@executable_path/Frameworks",
				);
				MARKETING_VERSION = 1.0;
				PRODUCT_BUNDLE_IDENTIFIER = com.comedichoney.FitViz;
				PRODUCT_NAME = "$(TARGET_NAME)";
				PROVISIONING_PROFILE_SPECIFIER = "";
				SWIFT_EMIT_LOC_STRINGS = YES;
				SWIFT_VERSION = 5.0;
				TARGETED_DEVICE_FAMILY = "1,2";
			};
			name = Debug;
		};
		7FA0EBA7282089C700020DA2 /* Release */ = {
			isa = XCBuildConfiguration;
			buildSettings = {
				ASSETCATALOG_COMPILER_APPICON_NAME = AppIcon;
				ASSETCATALOG_COMPILER_GLOBAL_ACCENT_COLOR_NAME = AccentColor;
				CODE_SIGN_ENTITLEMENTS = FitViz/FitViz.entitlements;
				CODE_SIGN_IDENTITY = "Apple Development";
				CODE_SIGN_STYLE = Automatic;
				CURRENT_PROJECT_VERSION = 1;
				DEVELOPMENT_ASSET_PATHS = "\"FitViz/Preview Content\"";
				DEVELOPMENT_TEAM = T24L76PMG9;
				ENABLE_PREVIEWS = YES;
				GENERATE_INFOPLIST_FILE = YES;
				INFOPLIST_FILE = FitViz/Info.plist;
				INFOPLIST_KEY_UIApplicationSceneManifest_Generation = YES;
				INFOPLIST_KEY_UIApplicationSupportsIndirectInputEvents = YES;
				INFOPLIST_KEY_UILaunchScreen_Generation = YES;
				INFOPLIST_KEY_UISupportedInterfaceOrientations_iPad = "UIInterfaceOrientationPortrait UIInterfaceOrientationPortraitUpsideDown UIInterfaceOrientationLandscapeLeft UIInterfaceOrientationLandscapeRight";
				INFOPLIST_KEY_UISupportedInterfaceOrientations_iPhone = "UIInterfaceOrientationPortrait UIInterfaceOrientationLandscapeLeft UIInterfaceOrientationLandscapeRight";
				LD_RUNPATH_SEARCH_PATHS = (
					"$(inherited)",
					"@executable_path/Frameworks",
				);
				MARKETING_VERSION = 1.0;
				PRODUCT_BUNDLE_IDENTIFIER = com.comedichoney.FitViz;
				PRODUCT_NAME = "$(TARGET_NAME)";
				PROVISIONING_PROFILE_SPECIFIER = "";
				SWIFT_EMIT_LOC_STRINGS = YES;
				SWIFT_VERSION = 5.0;
				TARGETED_DEVICE_FAMILY = "1,2";
			};
			name = Release;
		};
/* End XCBuildConfiguration section */

/* Begin XCConfigurationList section */
		7FA0EB92282089C300020DA2 /* Build configuration list for PBXProject "FitViz" */ = {
			isa = XCConfigurationList;
			buildConfigurations = (
				7FA0EBA3282089C700020DA2 /* Debug */,
				7FA0EBA4282089C700020DA2 /* Release */,
			);
			defaultConfigurationIsVisible = 0;
			defaultConfigurationName = Release;
		};
		7FA0EBA5282089C700020DA2 /* Build configuration list for PBXNativeTarget "FitViz" */ = {
			isa = XCConfigurationList;
			buildConfigurations = (
				7FA0EBA6282089C700020DA2 /* Debug */,
				7FA0EBA7282089C700020DA2 /* Release */,
			);
			defaultConfigurationIsVisible = 0;
			defaultConfigurationName = Release;
		};
/* End XCConfigurationList section */

/* Begin XCRemoteSwiftPackageReference section */
		7F4E8D3E285672B8003B0A04 /* XCRemoteSwiftPackageReference "KeychainAccess" */ = {
			isa = XCRemoteSwiftPackageReference;
			repositoryURL = "https://github.com/kishikawakatsumi/KeychainAccess";
			requirement = {
				branch = master;
				kind = branch;
			};
		};
		7FA0EBA828208C8D00020DA2 /* XCRemoteSwiftPackageReference "StravaApiPackage" */ = {
			isa = XCRemoteSwiftPackageReference;
			repositoryURL = "https://github.com/Mike-Griffin/StravaApiPackage";
			requirement = {
				kind = upToNextMajorVersion;
				minimumVersion = 0.0.9;
			};
		};
/* End XCRemoteSwiftPackageReference section */

/* Begin XCSwiftPackageProductDependency section */
		7F4E8D3F285672B8003B0A04 /* KeychainAccess */ = {
			isa = XCSwiftPackageProductDependency;
			package = 7F4E8D3E285672B8003B0A04 /* XCRemoteSwiftPackageReference "KeychainAccess" */;
			productName = KeychainAccess;
		};
		7FA0EBA928208C8D00020DA2 /* StravaApiPackage */ = {
			isa = XCSwiftPackageProductDependency;
			package = 7FA0EBA828208C8D00020DA2 /* XCRemoteSwiftPackageReference "StravaApiPackage" */;
			productName = StravaApiPackage;
		};
/* End XCSwiftPackageProductDependency section */
	};
	rootObject = 7FA0EB8F282089C300020DA2 /* Project object */;
}
