// !$*UTF8*$!
{
	archiveVersion = 1;
	classes = {
	};
	objectVersion = 55;
	objects = {

/* Begin PBXBuildFile section */
		7F093D2E2880F42300AC0D75 /* ActivityViewModel.swift in Sources */ = {isa = PBXBuildFile; fileRef = 7F093D2D2880F42300AC0D75 /* ActivityViewModel.swift */; };
		7F093D302880F42D00AC0D75 /* ActivityView.swift in Sources */ = {isa = PBXBuildFile; fileRef = 7F093D2F2880F42D00AC0D75 /* ActivityView.swift */; };
		7F093D322883325700AC0D75 /* DistanceRange.swift in Sources */ = {isa = PBXBuildFile; fileRef = 7F093D312883325700AC0D75 /* DistanceRange.swift */; };
		7F093D342884D4D500AC0D75 /* MapView.swift in Sources */ = {isa = PBXBuildFile; fileRef = 7F093D332884D4D500AC0D75 /* MapView.swift */; };
		7F0EB6CA283DB13C00721D81 /* ActivityListCellView.swift in Sources */ = {isa = PBXBuildFile; fileRef = 7F0EB6C9283DB13C00721D81 /* ActivityListCellView.swift */; };
		7F0EB6CC283DB1AC00721D81 /* MockData.swift in Sources */ = {isa = PBXBuildFile; fileRef = 7F0EB6CB283DB1AC00721D81 /* MockData.swift */; };
		7F0EB6CF284C12AB00721D81 /* SettingsView.swift in Sources */ = {isa = PBXBuildFile; fileRef = 7F0EB6CE284C12AB00721D81 /* SettingsView.swift */; };
		7F0EB6D1284D3CFF00721D81 /* Double+Ext.swift in Sources */ = {isa = PBXBuildFile; fileRef = 7F0EB6D0284D3CFF00721D81 /* Double+Ext.swift */; };
		7F1D4920289204C90094DC9C /* MapSheetView.swift in Sources */ = {isa = PBXBuildFile; fileRef = 7F1D491F289204C90094DC9C /* MapSheetView.swift */; };
		7F1D5F922898A30000DD59A6 /* LoadingView.swift in Sources */ = {isa = PBXBuildFile; fileRef = 7F1D5F912898A30000DD59A6 /* LoadingView.swift */; };
		7F27057928A5CCE20041C8FF /* PreviousWeeksChartView.swift in Sources */ = {isa = PBXBuildFile; fileRef = 7F27057828A5CCE20041C8FF /* PreviousWeeksChartView.swift */; };
		7F42D98B289F1EAE00816250 /* Binding+Ext.swift in Sources */ = {isa = PBXBuildFile; fileRef = 7F42D98A289F1EAE00816250 /* Binding+Ext.swift */; };
		7F42D98D289F221700816250 /* Date+Ext.swift in Sources */ = {isa = PBXBuildFile; fileRef = 7F42D98C289F221700816250 /* Date+Ext.swift */; };
		7F49D26728BBC631003CC1F5 /* FitVizTests.swift in Sources */ = {isa = PBXBuildFile; fileRef = 7F49D26628BBC631003CC1F5 /* FitVizTests.swift */; };
		7F49D26E28BBC671003CC1F5 /* DateExtensionTests.swift in Sources */ = {isa = PBXBuildFile; fileRef = 7F49D26D28BBC671003CC1F5 /* DateExtensionTests.swift */; };
		7F49D2A628BBEE19003CC1F5 /* WidgetKit.framework in Frameworks */ = {isa = PBXBuildFile; fileRef = 7F49D2A528BBEE19003CC1F5 /* WidgetKit.framework */; };
		7F49D2A828BBEE19003CC1F5 /* SwiftUI.framework in Frameworks */ = {isa = PBXBuildFile; fileRef = 7F49D2A728BBEE19003CC1F5 /* SwiftUI.framework */; };
		7F49D2AB28BBEE19003CC1F5 /* LatestActivityWidget.swift in Sources */ = {isa = PBXBuildFile; fileRef = 7F49D2AA28BBEE19003CC1F5 /* LatestActivityWidget.swift */; };
		7F49D2AD28BBEE1A003CC1F5 /* Assets.xcassets in Resources */ = {isa = PBXBuildFile; fileRef = 7F49D2AC28BBEE1A003CC1F5 /* Assets.xcassets */; };
		7F49D2B128BBEE1A003CC1F5 /* FitVizWidgetExtension.appex in Embed Foundation Extensions */ = {isa = PBXBuildFile; fileRef = 7F49D2A428BBEE19003CC1F5 /* FitVizWidgetExtension.appex */; settings = {ATTRIBUTES = (RemoveHeadersOnCopy, ); }; };
		7F49D2BE28BC22F9003CC1F5 /* CloudKitManager.swift in Sources */ = {isa = PBXBuildFile; fileRef = 7FA0EBB6282090A000020DA2 /* CloudKitManager.swift */; };
		7F49D2BF28BC22FF003CC1F5 /* FVActivity.swift in Sources */ = {isa = PBXBuildFile; fileRef = 7FA0EBC128271EBF00020DA2 /* FVActivity.swift */; };
		7F49D2C028BC2319003CC1F5 /* MockData.swift in Sources */ = {isa = PBXBuildFile; fileRef = 7F0EB6CB283DB1AC00721D81 /* MockData.swift */; };
		7F49D2C128BC23C2003CC1F5 /* Constants.swift in Sources */ = {isa = PBXBuildFile; fileRef = 7FA0EBBA282092F100020DA2 /* Constants.swift */; };
		7F49D2C228BC23CF003CC1F5 /* Source.swift in Sources */ = {isa = PBXBuildFile; fileRef = 7FA0EBB028208DFE00020DA2 /* Source.swift */; };
		7F49D2C328BC23D7003CC1F5 /* FVSourceInformation.swift in Sources */ = {isa = PBXBuildFile; fileRef = 7F861C7B2862B39C00D47C2A /* FVSourceInformation.swift */; };
		7F49D2C428BC23DE003CC1F5 /* DistanceRange.swift in Sources */ = {isa = PBXBuildFile; fileRef = 7F093D312883325700AC0D75 /* DistanceRange.swift */; };
		7F49D2C528BC23E7003CC1F5 /* Int+Ext.swift in Sources */ = {isa = PBXBuildFile; fileRef = 7FF8AA7328A5D6100023E64E /* Int+Ext.swift */; };
		7F49D2C628BC23F8003CC1F5 /* Date+Ext.swift in Sources */ = {isa = PBXBuildFile; fileRef = 7F42D98C289F221700816250 /* Date+Ext.swift */; };
		7F49D2C728BC23FD003CC1F5 /* AuthDetails.swift in Sources */ = {isa = PBXBuildFile; fileRef = 7F4E8D4628567F04003B0A04 /* AuthDetails.swift */; };
		7F49D2C828BC247C003CC1F5 /* String+Ext.swift in Sources */ = {isa = PBXBuildFile; fileRef = 7F4E8D2F285509A4003B0A04 /* String+Ext.swift */; };
		7F49D2D628BDB1E1003CC1F5 /* WidgetBundle.swift in Sources */ = {isa = PBXBuildFile; fileRef = 7F49D2D528BDB1E1003CC1F5 /* WidgetBundle.swift */; };
		7F49D2D828BDB266003CC1F5 /* PreviousWeeksChartWidget.swift in Sources */ = {isa = PBXBuildFile; fileRef = 7F49D2D728BDB266003CC1F5 /* PreviousWeeksChartWidget.swift */; };
		7F49D2D928BEDE6B003CC1F5 /* PreviousWeeksChartView.swift in Sources */ = {isa = PBXBuildFile; fileRef = 7F27057828A5CCE20041C8FF /* PreviousWeeksChartView.swift */; };
		7F49D2DC28BEE12F003CC1F5 /* Array+Ext.swift in Sources */ = {isa = PBXBuildFile; fileRef = 7FF8AA7128A5D1BD0023E64E /* Array+Ext.swift */; };
		7F49D2DD28BEE2EB003CC1F5 /* Double+Ext.swift in Sources */ = {isa = PBXBuildFile; fileRef = 7F0EB6D0284D3CFF00721D81 /* Double+Ext.swift */; };
		7F4E8D30285509A5003B0A04 /* String+Ext.swift in Sources */ = {isa = PBXBuildFile; fileRef = 7F4E8D2F285509A4003B0A04 /* String+Ext.swift */; };
		7F4E8D322855328D003B0A04 /* NetworkManager.swift in Sources */ = {isa = PBXBuildFile; fileRef = 7F4E8D312855328D003B0A04 /* NetworkManager.swift */; };
		7F4E8D34285533D0003B0A04 /* CustomError.swift in Sources */ = {isa = PBXBuildFile; fileRef = 7F4E8D33285533D0003B0A04 /* CustomError.swift */; };
		7F4E8D3628553A48003B0A04 /* StravaActivity.swift in Sources */ = {isa = PBXBuildFile; fileRef = 7F4E8D3528553A48003B0A04 /* StravaActivity.swift */; };
		7F4E8D3828553AD4003B0A04 /* ActivityRequestManager.swift in Sources */ = {isa = PBXBuildFile; fileRef = 7F4E8D3728553AD4003B0A04 /* ActivityRequestManager.swift */; };
		7F4E8D3A28567009003B0A04 /* DeveloperView.swift in Sources */ = {isa = PBXBuildFile; fileRef = 7F4E8D3928567009003B0A04 /* DeveloperView.swift */; };
		7F4E8D3D285670D0003B0A04 /* DeveloperViewModel.swift in Sources */ = {isa = PBXBuildFile; fileRef = 7F4E8D3C285670D0003B0A04 /* DeveloperViewModel.swift */; };
		7F4E8D40285672B8003B0A04 /* KeychainAccess in Frameworks */ = {isa = PBXBuildFile; productRef = 7F4E8D3F285672B8003B0A04 /* KeychainAccess */; };
		7F4E8D422856779F003B0A04 /* KeychainManager.swift in Sources */ = {isa = PBXBuildFile; fileRef = 7F4E8D412856779F003B0A04 /* KeychainManager.swift */; };
		7F4E8D4528567C71003B0A04 /* AuthorizationManager.swift in Sources */ = {isa = PBXBuildFile; fileRef = 7F4E8D4428567C71003B0A04 /* AuthorizationManager.swift */; };
		7F4E8D4728567F04003B0A04 /* AuthDetails.swift in Sources */ = {isa = PBXBuildFile; fileRef = 7F4E8D4628567F04003B0A04 /* AuthDetails.swift */; };
		7F4E8D4928569A9D003B0A04 /* TokenResponse.swift in Sources */ = {isa = PBXBuildFile; fileRef = 7F4E8D4828569A9D003B0A04 /* TokenResponse.swift */; };
		7F55C44C2895C52500F2FAAE /* AlertItem.swift in Sources */ = {isa = PBXBuildFile; fileRef = 7F55C44B2895C52500F2FAAE /* AlertItem.swift */; };
		7F57045D28A8114800104B02 /* TimeOfDayView.swift in Sources */ = {isa = PBXBuildFile; fileRef = 7F57045C28A8114800104B02 /* TimeOfDayView.swift */; };
		7F57045F28A8117300104B02 /* TimeOfDayViewModel.swift in Sources */ = {isa = PBXBuildFile; fileRef = 7F57045E28A8117300104B02 /* TimeOfDayViewModel.swift */; };
		7F57046128A81A2D00104B02 /* MostCommonDayView.swift in Sources */ = {isa = PBXBuildFile; fileRef = 7F57046028A81A2D00104B02 /* MostCommonDayView.swift */; };
		7F57046328A81D5200104B02 /* MostCommonDayViewModel.swift in Sources */ = {isa = PBXBuildFile; fileRef = 7F57046228A81D5200104B02 /* MostCommonDayViewModel.swift */; };
		7F70BB3E289CC6A1000DAC26 /* StatsViewModel.swift in Sources */ = {isa = PBXBuildFile; fileRef = 7F70BB3D289CC6A1000DAC26 /* StatsViewModel.swift */; };
		7F861C7C2862B39C00D47C2A /* FVSourceInformation.swift in Sources */ = {isa = PBXBuildFile; fileRef = 7F861C7B2862B39C00D47C2A /* FVSourceInformation.swift */; };
		7F92D60C28B5AF9600EFDF22 /* ActivitySimpleListView.swift in Sources */ = {isa = PBXBuildFile; fileRef = 7F92D60B28B5AF9600EFDF22 /* ActivitySimpleListView.swift */; };
		7F92D60E28B5B08200EFDF22 /* ActivityIconView.swift in Sources */ = {isa = PBXBuildFile; fileRef = 7F92D60D28B5B08200EFDF22 /* ActivityIconView.swift */; };
		7F967C9828AF22FD00753749 /* SnapshotView.swift in Sources */ = {isa = PBXBuildFile; fileRef = 7F967C9728AF22FD00753749 /* SnapshotView.swift */; };
		7F967C9C28B153B600753749 /* SnapshotViewModel.swift in Sources */ = {isa = PBXBuildFile; fileRef = 7F967C9B28B153B600753749 /* SnapshotViewModel.swift */; };
		7FA0EB9B282089C400020DA2 /* FitVizApp.swift in Sources */ = {isa = PBXBuildFile; fileRef = 7FA0EB9A282089C400020DA2 /* FitVizApp.swift */; };
		7FA0EB9D282089C400020DA2 /* RootView.swift in Sources */ = {isa = PBXBuildFile; fileRef = 7FA0EB9C282089C400020DA2 /* RootView.swift */; };
		7FA0EB9F282089C700020DA2 /* Assets.xcassets in Resources */ = {isa = PBXBuildFile; fileRef = 7FA0EB9E282089C700020DA2 /* Assets.xcassets */; };
		7FA0EBA2282089C700020DA2 /* Preview Assets.xcassets in Resources */ = {isa = PBXBuildFile; fileRef = 7FA0EBA1282089C700020DA2 /* Preview Assets.xcassets */; };
		7FA0EBAA28208C8D00020DA2 /* StravaApiPackage in Frameworks */ = {isa = PBXBuildFile; productRef = 7FA0EBA928208C8D00020DA2 /* StravaApiPackage */; };
		7FA0EBAE28208D8B00020DA2 /* RootViewModel.swift in Sources */ = {isa = PBXBuildFile; fileRef = 7FA0EBAD28208D8B00020DA2 /* RootViewModel.swift */; };
		7FA0EBB128208DFE00020DA2 /* Source.swift in Sources */ = {isa = PBXBuildFile; fileRef = 7FA0EBB028208DFE00020DA2 /* Source.swift */; };
		7FA0EBB428208E8D00020DA2 /* HomeFeedView.swift in Sources */ = {isa = PBXBuildFile; fileRef = 7FA0EBB328208E8D00020DA2 /* HomeFeedView.swift */; };
		7FA0EBB7282090A000020DA2 /* CloudKitManager.swift in Sources */ = {isa = PBXBuildFile; fileRef = 7FA0EBB6282090A000020DA2 /* CloudKitManager.swift */; };
		7FA0EBB92820925B00020DA2 /* HomeFeedViewModel.swift in Sources */ = {isa = PBXBuildFile; fileRef = 7FA0EBB82820925B00020DA2 /* HomeFeedViewModel.swift */; };
		7FA0EBBB282092F100020DA2 /* Constants.swift in Sources */ = {isa = PBXBuildFile; fileRef = 7FA0EBBA282092F100020DA2 /* Constants.swift */; };
		7FA0EBBF2827141600020DA2 /* CloudKit.framework in Frameworks */ = {isa = PBXBuildFile; fileRef = 7FA0EBBE2827141600020DA2 /* CloudKit.framework */; };
		7FA0EBC228271EBF00020DA2 /* FVActivity.swift in Sources */ = {isa = PBXBuildFile; fileRef = 7FA0EBC128271EBF00020DA2 /* FVActivity.swift */; };
		7FA0EBC42827218900020DA2 /* ActivityListView.swift in Sources */ = {isa = PBXBuildFile; fileRef = 7FA0EBC32827218900020DA2 /* ActivityListView.swift */; };
		7FB5769D285FB5BE007FF570 /* UserDefaultsManager.swift in Sources */ = {isa = PBXBuildFile; fileRef = 7FB5769C285FB5BD007FF570 /* UserDefaultsManager.swift */; };
		7FEE2E0628A852EE000BA4CC /* CalendarScreenView.swift in Sources */ = {isa = PBXBuildFile; fileRef = 7FEE2E0528A852EE000BA4CC /* CalendarScreenView.swift */; };
		7FEE2E0828A85385000BA4CC /* CalendarView.swift in Sources */ = {isa = PBXBuildFile; fileRef = 7FEE2E0728A85385000BA4CC /* CalendarView.swift */; };
		7FEE2E0A28A8563F000BA4CC /* CalendarScreenViewModel.swift in Sources */ = {isa = PBXBuildFile; fileRef = 7FEE2E0928A8563F000BA4CC /* CalendarScreenViewModel.swift */; };
		7FEFB12D286175BF00A7408D /* HealthKit.framework in Frameworks */ = {isa = PBXBuildFile; fileRef = 7FEFB12C286175BF00A7408D /* HealthKit.framework */; };
		7FEFB12F286175F400A7408D /* HealthKitManager.swift in Sources */ = {isa = PBXBuildFile; fileRef = 7FEFB12E286175F400A7408D /* HealthKitManager.swift */; };
		7FF8AA7228A5D1BD0023E64E /* Array+Ext.swift in Sources */ = {isa = PBXBuildFile; fileRef = 7FF8AA7128A5D1BD0023E64E /* Array+Ext.swift */; };
		7FF8AA7428A5D6100023E64E /* Int+Ext.swift in Sources */ = {isa = PBXBuildFile; fileRef = 7FF8AA7328A5D6100023E64E /* Int+Ext.swift */; };
		7FFAAA1A289CC54200BC7672 /* StatsView.swift in Sources */ = {isa = PBXBuildFile; fileRef = 7FFAAA19289CC54200BC7672 /* StatsView.swift */; };
/* End PBXBuildFile section */

/* Begin PBXContainerItemProxy section */
		7F49D26828BBC631003CC1F5 /* PBXContainerItemProxy */ = {
			isa = PBXContainerItemProxy;
			containerPortal = 7FA0EB8F282089C300020DA2 /* Project object */;
			proxyType = 1;
			remoteGlobalIDString = 7FA0EB96282089C400020DA2;
			remoteInfo = FitViz;
		};
		7F49D2AF28BBEE1A003CC1F5 /* PBXContainerItemProxy */ = {
			isa = PBXContainerItemProxy;
			containerPortal = 7FA0EB8F282089C300020DA2 /* Project object */;
			proxyType = 1;
			remoteGlobalIDString = 7F49D2A328BBEE18003CC1F5;
			remoteInfo = FitVizWidgetExtension;
		};
/* End PBXContainerItemProxy section */

/* Begin PBXCopyFilesBuildPhase section */
		7F49D2B528BBEE1B003CC1F5 /* Embed Foundation Extensions */ = {
			isa = PBXCopyFilesBuildPhase;
			buildActionMask = 2147483647;
			dstPath = "";
			dstSubfolderSpec = 13;
			files = (
				7F49D2B128BBEE1A003CC1F5 /* FitVizWidgetExtension.appex in Embed Foundation Extensions */,
			);
			name = "Embed Foundation Extensions";
			runOnlyForDeploymentPostprocessing = 0;
		};
/* End PBXCopyFilesBuildPhase section */

/* Begin PBXFileReference section */
		7F093D2D2880F42300AC0D75 /* ActivityViewModel.swift */ = {isa = PBXFileReference; lastKnownFileType = sourcecode.swift; path = ActivityViewModel.swift; sourceTree = "<group>"; };
		7F093D2F2880F42D00AC0D75 /* ActivityView.swift */ = {isa = PBXFileReference; lastKnownFileType = sourcecode.swift; path = ActivityView.swift; sourceTree = "<group>"; };
		7F093D312883325700AC0D75 /* DistanceRange.swift */ = {isa = PBXFileReference; lastKnownFileType = sourcecode.swift; path = DistanceRange.swift; sourceTree = "<group>"; };
		7F093D332884D4D500AC0D75 /* MapView.swift */ = {isa = PBXFileReference; lastKnownFileType = sourcecode.swift; path = MapView.swift; sourceTree = "<group>"; };
		7F0EB6C9283DB13C00721D81 /* ActivityListCellView.swift */ = {isa = PBXFileReference; lastKnownFileType = sourcecode.swift; path = ActivityListCellView.swift; sourceTree = "<group>"; };
		7F0EB6CB283DB1AC00721D81 /* MockData.swift */ = {isa = PBXFileReference; lastKnownFileType = sourcecode.swift; path = MockData.swift; sourceTree = "<group>"; };
		7F0EB6CE284C12AB00721D81 /* SettingsView.swift */ = {isa = PBXFileReference; lastKnownFileType = sourcecode.swift; path = SettingsView.swift; sourceTree = "<group>"; };
		7F0EB6D0284D3CFF00721D81 /* Double+Ext.swift */ = {isa = PBXFileReference; lastKnownFileType = sourcecode.swift; path = "Double+Ext.swift"; sourceTree = "<group>"; };
		7F1D491F289204C90094DC9C /* MapSheetView.swift */ = {isa = PBXFileReference; lastKnownFileType = sourcecode.swift; path = MapSheetView.swift; sourceTree = "<group>"; };
		7F1D5F912898A30000DD59A6 /* LoadingView.swift */ = {isa = PBXFileReference; lastKnownFileType = sourcecode.swift; path = LoadingView.swift; sourceTree = "<group>"; };
		7F27057828A5CCE20041C8FF /* PreviousWeeksChartView.swift */ = {isa = PBXFileReference; lastKnownFileType = sourcecode.swift; path = PreviousWeeksChartView.swift; sourceTree = "<group>"; };
		7F42D98A289F1EAE00816250 /* Binding+Ext.swift */ = {isa = PBXFileReference; lastKnownFileType = sourcecode.swift; path = "Binding+Ext.swift"; sourceTree = "<group>"; };
		7F42D98C289F221700816250 /* Date+Ext.swift */ = {isa = PBXFileReference; lastKnownFileType = sourcecode.swift; path = "Date+Ext.swift"; sourceTree = "<group>"; };
		7F49D26428BBC631003CC1F5 /* FitVizTests.xctest */ = {isa = PBXFileReference; explicitFileType = wrapper.cfbundle; includeInIndex = 0; path = FitVizTests.xctest; sourceTree = BUILT_PRODUCTS_DIR; };
		7F49D26628BBC631003CC1F5 /* FitVizTests.swift */ = {isa = PBXFileReference; lastKnownFileType = sourcecode.swift; path = FitVizTests.swift; sourceTree = "<group>"; };
		7F49D26D28BBC671003CC1F5 /* DateExtensionTests.swift */ = {isa = PBXFileReference; lastKnownFileType = sourcecode.swift; path = DateExtensionTests.swift; sourceTree = "<group>"; };
		7F49D2A428BBEE19003CC1F5 /* FitVizWidgetExtension.appex */ = {isa = PBXFileReference; explicitFileType = "wrapper.app-extension"; includeInIndex = 0; path = FitVizWidgetExtension.appex; sourceTree = BUILT_PRODUCTS_DIR; };
		7F49D2A528BBEE19003CC1F5 /* WidgetKit.framework */ = {isa = PBXFileReference; lastKnownFileType = wrapper.framework; name = WidgetKit.framework; path = System/Library/Frameworks/WidgetKit.framework; sourceTree = SDKROOT; };
		7F49D2A728BBEE19003CC1F5 /* SwiftUI.framework */ = {isa = PBXFileReference; lastKnownFileType = wrapper.framework; name = SwiftUI.framework; path = System/Library/Frameworks/SwiftUI.framework; sourceTree = SDKROOT; };
		7F49D2AA28BBEE19003CC1F5 /* LatestActivityWidget.swift */ = {isa = PBXFileReference; lastKnownFileType = sourcecode.swift; path = LatestActivityWidget.swift; sourceTree = "<group>"; };
		7F49D2AC28BBEE1A003CC1F5 /* Assets.xcassets */ = {isa = PBXFileReference; lastKnownFileType = folder.assetcatalog; path = Assets.xcassets; sourceTree = "<group>"; };
		7F49D2AE28BBEE1A003CC1F5 /* Info.plist */ = {isa = PBXFileReference; lastKnownFileType = text.plist.xml; path = Info.plist; sourceTree = "<group>"; };
		7F49D2C928BC254B003CC1F5 /* FitVizWidgetExtension.entitlements */ = {isa = PBXFileReference; lastKnownFileType = text.plist.entitlements; path = FitVizWidgetExtension.entitlements; sourceTree = "<group>"; };
		7F49D2D528BDB1E1003CC1F5 /* WidgetBundle.swift */ = {isa = PBXFileReference; lastKnownFileType = sourcecode.swift; path = WidgetBundle.swift; sourceTree = "<group>"; };
		7F49D2D728BDB266003CC1F5 /* PreviousWeeksChartWidget.swift */ = {isa = PBXFileReference; lastKnownFileType = sourcecode.swift; path = PreviousWeeksChartWidget.swift; sourceTree = "<group>"; };
		7F4E8D2F285509A4003B0A04 /* String+Ext.swift */ = {isa = PBXFileReference; lastKnownFileType = sourcecode.swift; path = "String+Ext.swift"; sourceTree = "<group>"; };
		7F4E8D312855328D003B0A04 /* NetworkManager.swift */ = {isa = PBXFileReference; lastKnownFileType = sourcecode.swift; path = NetworkManager.swift; sourceTree = "<group>"; };
		7F4E8D33285533D0003B0A04 /* CustomError.swift */ = {isa = PBXFileReference; lastKnownFileType = sourcecode.swift; path = CustomError.swift; sourceTree = "<group>"; };
		7F4E8D3528553A48003B0A04 /* StravaActivity.swift */ = {isa = PBXFileReference; lastKnownFileType = sourcecode.swift; path = StravaActivity.swift; sourceTree = "<group>"; };
		7F4E8D3728553AD4003B0A04 /* ActivityRequestManager.swift */ = {isa = PBXFileReference; lastKnownFileType = sourcecode.swift; path = ActivityRequestManager.swift; sourceTree = "<group>"; };
		7F4E8D3928567009003B0A04 /* DeveloperView.swift */ = {isa = PBXFileReference; lastKnownFileType = sourcecode.swift; path = DeveloperView.swift; sourceTree = "<group>"; };
		7F4E8D3C285670D0003B0A04 /* DeveloperViewModel.swift */ = {isa = PBXFileReference; lastKnownFileType = sourcecode.swift; path = DeveloperViewModel.swift; sourceTree = "<group>"; };
		7F4E8D412856779F003B0A04 /* KeychainManager.swift */ = {isa = PBXFileReference; lastKnownFileType = sourcecode.swift; path = KeychainManager.swift; sourceTree = "<group>"; };
		7F4E8D4428567C71003B0A04 /* AuthorizationManager.swift */ = {isa = PBXFileReference; lastKnownFileType = sourcecode.swift; path = AuthorizationManager.swift; sourceTree = "<group>"; };
		7F4E8D4628567F04003B0A04 /* AuthDetails.swift */ = {isa = PBXFileReference; lastKnownFileType = sourcecode.swift; path = AuthDetails.swift; sourceTree = "<group>"; };
		7F4E8D4828569A9D003B0A04 /* TokenResponse.swift */ = {isa = PBXFileReference; lastKnownFileType = sourcecode.swift; path = TokenResponse.swift; sourceTree = "<group>"; };
		7F4E8D4A28569CBA003B0A04 /* Info.plist */ = {isa = PBXFileReference; lastKnownFileType = text.plist; path = Info.plist; sourceTree = "<group>"; };
		7F55C44B2895C52500F2FAAE /* AlertItem.swift */ = {isa = PBXFileReference; lastKnownFileType = sourcecode.swift; path = AlertItem.swift; sourceTree = "<group>"; };
		7F57045C28A8114800104B02 /* TimeOfDayView.swift */ = {isa = PBXFileReference; lastKnownFileType = sourcecode.swift; path = TimeOfDayView.swift; sourceTree = "<group>"; };
		7F57045E28A8117300104B02 /* TimeOfDayViewModel.swift */ = {isa = PBXFileReference; lastKnownFileType = sourcecode.swift; path = TimeOfDayViewModel.swift; sourceTree = "<group>"; };
		7F57046028A81A2D00104B02 /* MostCommonDayView.swift */ = {isa = PBXFileReference; lastKnownFileType = sourcecode.swift; path = MostCommonDayView.swift; sourceTree = "<group>"; };
		7F57046228A81D5200104B02 /* MostCommonDayViewModel.swift */ = {isa = PBXFileReference; lastKnownFileType = sourcecode.swift; path = MostCommonDayViewModel.swift; sourceTree = "<group>"; };
		7F70BB3D289CC6A1000DAC26 /* StatsViewModel.swift */ = {isa = PBXFileReference; lastKnownFileType = sourcecode.swift; path = StatsViewModel.swift; sourceTree = "<group>"; };
		7F861C7B2862B39C00D47C2A /* FVSourceInformation.swift */ = {isa = PBXFileReference; lastKnownFileType = sourcecode.swift; path = FVSourceInformation.swift; sourceTree = "<group>"; };
		7F92D60B28B5AF9600EFDF22 /* ActivitySimpleListView.swift */ = {isa = PBXFileReference; lastKnownFileType = sourcecode.swift; path = ActivitySimpleListView.swift; sourceTree = "<group>"; };
		7F92D60D28B5B08200EFDF22 /* ActivityIconView.swift */ = {isa = PBXFileReference; lastKnownFileType = sourcecode.swift; path = ActivityIconView.swift; sourceTree = "<group>"; };
		7F967C9728AF22FD00753749 /* SnapshotView.swift */ = {isa = PBXFileReference; lastKnownFileType = sourcecode.swift; path = SnapshotView.swift; sourceTree = "<group>"; };
		7F967C9B28B153B600753749 /* SnapshotViewModel.swift */ = {isa = PBXFileReference; lastKnownFileType = sourcecode.swift; path = SnapshotViewModel.swift; sourceTree = "<group>"; };
		7FA0EB97282089C400020DA2 /* FitViz.app */ = {isa = PBXFileReference; explicitFileType = wrapper.application; includeInIndex = 0; path = FitViz.app; sourceTree = BUILT_PRODUCTS_DIR; };
		7FA0EB9A282089C400020DA2 /* FitVizApp.swift */ = {isa = PBXFileReference; lastKnownFileType = sourcecode.swift; path = FitVizApp.swift; sourceTree = "<group>"; };
		7FA0EB9C282089C400020DA2 /* RootView.swift */ = {isa = PBXFileReference; lastKnownFileType = sourcecode.swift; path = RootView.swift; sourceTree = "<group>"; };
		7FA0EB9E282089C700020DA2 /* Assets.xcassets */ = {isa = PBXFileReference; lastKnownFileType = folder.assetcatalog; path = Assets.xcassets; sourceTree = "<group>"; };
		7FA0EBA1282089C700020DA2 /* Preview Assets.xcassets */ = {isa = PBXFileReference; lastKnownFileType = folder.assetcatalog; path = "Preview Assets.xcassets"; sourceTree = "<group>"; };
		7FA0EBAD28208D8B00020DA2 /* RootViewModel.swift */ = {isa = PBXFileReference; lastKnownFileType = sourcecode.swift; path = RootViewModel.swift; sourceTree = "<group>"; };
		7FA0EBB028208DFE00020DA2 /* Source.swift */ = {isa = PBXFileReference; lastKnownFileType = sourcecode.swift; path = Source.swift; sourceTree = "<group>"; };
		7FA0EBB328208E8D00020DA2 /* HomeFeedView.swift */ = {isa = PBXFileReference; lastKnownFileType = sourcecode.swift; path = HomeFeedView.swift; sourceTree = "<group>"; };
		7FA0EBB6282090A000020DA2 /* CloudKitManager.swift */ = {isa = PBXFileReference; lastKnownFileType = sourcecode.swift; path = CloudKitManager.swift; sourceTree = "<group>"; };
		7FA0EBB82820925B00020DA2 /* HomeFeedViewModel.swift */ = {isa = PBXFileReference; lastKnownFileType = sourcecode.swift; path = HomeFeedViewModel.swift; sourceTree = "<group>"; };
		7FA0EBBA282092F100020DA2 /* Constants.swift */ = {isa = PBXFileReference; lastKnownFileType = sourcecode.swift; path = Constants.swift; sourceTree = "<group>"; };
		7FA0EBBC2827141200020DA2 /* FitViz.entitlements */ = {isa = PBXFileReference; lastKnownFileType = text.plist.entitlements; path = FitViz.entitlements; sourceTree = "<group>"; };
		7FA0EBBE2827141600020DA2 /* CloudKit.framework */ = {isa = PBXFileReference; lastKnownFileType = wrapper.framework; name = CloudKit.framework; path = System/Library/Frameworks/CloudKit.framework; sourceTree = SDKROOT; };
		7FA0EBC128271EBF00020DA2 /* FVActivity.swift */ = {isa = PBXFileReference; lastKnownFileType = sourcecode.swift; path = FVActivity.swift; sourceTree = "<group>"; };
		7FA0EBC32827218900020DA2 /* ActivityListView.swift */ = {isa = PBXFileReference; lastKnownFileType = sourcecode.swift; path = ActivityListView.swift; sourceTree = "<group>"; };
		7FB5769C285FB5BD007FF570 /* UserDefaultsManager.swift */ = {isa = PBXFileReference; lastKnownFileType = sourcecode.swift; path = UserDefaultsManager.swift; sourceTree = "<group>"; };
		7FEE2E0528A852EE000BA4CC /* CalendarScreenView.swift */ = {isa = PBXFileReference; lastKnownFileType = sourcecode.swift; path = CalendarScreenView.swift; sourceTree = "<group>"; };
		7FEE2E0728A85385000BA4CC /* CalendarView.swift */ = {isa = PBXFileReference; lastKnownFileType = sourcecode.swift; path = CalendarView.swift; sourceTree = "<group>"; };
		7FEE2E0928A8563F000BA4CC /* CalendarScreenViewModel.swift */ = {isa = PBXFileReference; lastKnownFileType = sourcecode.swift; path = CalendarScreenViewModel.swift; sourceTree = "<group>"; };
		7FEFB12C286175BF00A7408D /* HealthKit.framework */ = {isa = PBXFileReference; lastKnownFileType = wrapper.framework; name = HealthKit.framework; path = System/Library/Frameworks/HealthKit.framework; sourceTree = SDKROOT; };
		7FEFB12E286175F400A7408D /* HealthKitManager.swift */ = {isa = PBXFileReference; lastKnownFileType = sourcecode.swift; path = HealthKitManager.swift; sourceTree = "<group>"; };
		7FF8AA7128A5D1BD0023E64E /* Array+Ext.swift */ = {isa = PBXFileReference; lastKnownFileType = sourcecode.swift; path = "Array+Ext.swift"; sourceTree = "<group>"; };
		7FF8AA7328A5D6100023E64E /* Int+Ext.swift */ = {isa = PBXFileReference; lastKnownFileType = sourcecode.swift; path = "Int+Ext.swift"; sourceTree = "<group>"; };
		7FFAAA19289CC54200BC7672 /* StatsView.swift */ = {isa = PBXFileReference; lastKnownFileType = sourcecode.swift; path = StatsView.swift; sourceTree = "<group>"; };
/* End PBXFileReference section */

/* Begin PBXFrameworksBuildPhase section */
		7F49D26128BBC631003CC1F5 /* Frameworks */ = {
			isa = PBXFrameworksBuildPhase;
			buildActionMask = 2147483647;
			files = (
			);
			runOnlyForDeploymentPostprocessing = 0;
		};
		7F49D2A128BBEE18003CC1F5 /* Frameworks */ = {
			isa = PBXFrameworksBuildPhase;
			buildActionMask = 2147483647;
			files = (
				7F49D2A828BBEE19003CC1F5 /* SwiftUI.framework in Frameworks */,
				7F49D2A628BBEE19003CC1F5 /* WidgetKit.framework in Frameworks */,
			);
			runOnlyForDeploymentPostprocessing = 0;
		};
		7FA0EB94282089C400020DA2 /* Frameworks */ = {
			isa = PBXFrameworksBuildPhase;
			buildActionMask = 2147483647;
			files = (
				7FA0EBAA28208C8D00020DA2 /* StravaApiPackage in Frameworks */,
				7FEFB12D286175BF00A7408D /* HealthKit.framework in Frameworks */,
				7FA0EBBF2827141600020DA2 /* CloudKit.framework in Frameworks */,
				7F4E8D40285672B8003B0A04 /* KeychainAccess in Frameworks */,
			);
			runOnlyForDeploymentPostprocessing = 0;
		};
/* End PBXFrameworksBuildPhase section */

/* Begin PBXGroup section */
		7F093D2C2880F40C00AC0D75 /* ActivityView */ = {
			isa = PBXGroup;
			children = (
				7F093D2D2880F42300AC0D75 /* ActivityViewModel.swift */,
				7F093D2F2880F42D00AC0D75 /* ActivityView.swift */,
				7F093D332884D4D500AC0D75 /* MapView.swift */,
			);
			path = ActivityView;
			sourceTree = "<group>";
		};
		7F0EB6CD284C127F00721D81 /* SettingsView */ = {
			isa = PBXGroup;
			children = (
				7F0EB6CE284C12AB00721D81 /* SettingsView.swift */,
			);
			path = SettingsView;
			sourceTree = "<group>";
		};
		7F27057C28A5CD010041C8FF /* Charts */ = {
			isa = PBXGroup;
			children = (
				7F57045B28A8113900104B02 /* TimeOfDay */,
				7F27057D28A5CD130041C8FF /* PreviousWeeks */,
			);
			path = Charts;
			sourceTree = "<group>";
		};
		7F27057D28A5CD130041C8FF /* PreviousWeeks */ = {
			isa = PBXGroup;
			children = (
				7F27057828A5CCE20041C8FF /* PreviousWeeksChartView.swift */,
			);
			path = PreviousWeeks;
			sourceTree = "<group>";
		};
		7F49D26528BBC631003CC1F5 /* FitVizTests */ = {
			isa = PBXGroup;
			children = (
				7F49D26628BBC631003CC1F5 /* FitVizTests.swift */,
				7F49D26D28BBC671003CC1F5 /* DateExtensionTests.swift */,
			);
			path = FitVizTests;
			sourceTree = "<group>";
		};
		7F49D2A928BBEE19003CC1F5 /* FitVizWidget */ = {
			isa = PBXGroup;
			children = (
				7F49D2AA28BBEE19003CC1F5 /* LatestActivityWidget.swift */,
				7F49D2D728BDB266003CC1F5 /* PreviousWeeksChartWidget.swift */,
				7F49D2AC28BBEE1A003CC1F5 /* Assets.xcassets */,
				7F49D2AE28BBEE1A003CC1F5 /* Info.plist */,
				7F49D2D528BDB1E1003CC1F5 /* WidgetBundle.swift */,
			);
			path = FitVizWidget;
			sourceTree = "<group>";
		};
		7F4E8D3B28567040003B0A04 /* DeveloperView */ = {
			isa = PBXGroup;
			children = (
				7F4E8D3C285670D0003B0A04 /* DeveloperViewModel.swift */,
				7F4E8D3928567009003B0A04 /* DeveloperView.swift */,
				7F1D491F289204C90094DC9C /* MapSheetView.swift */,
			);
			path = DeveloperView;
			sourceTree = "<group>";
		};
		7F57045B28A8113900104B02 /* TimeOfDay */ = {
			isa = PBXGroup;
			children = (
				7F57045E28A8117300104B02 /* TimeOfDayViewModel.swift */,
				7F57045C28A8114800104B02 /* TimeOfDayView.swift */,
			);
			path = TimeOfDay;
			sourceTree = "<group>";
		};
		7F861C7A2862B2D600D47C2A /* Cloudkit */ = {
			isa = PBXGroup;
			children = (
				7FA0EBC128271EBF00020DA2 /* FVActivity.swift */,
				7F861C7B2862B39C00D47C2A /* FVSourceInformation.swift */,
			);
			path = Cloudkit;
			sourceTree = "<group>";
		};
		7F967C9928B1538400753749 /* Shared */ = {
			isa = PBXGroup;
			children = (
				7F967C9A28B1538A00753749 /* SnapshotView */,
				7F92D60B28B5AF9600EFDF22 /* ActivitySimpleListView.swift */,
				7F92D60D28B5B08200EFDF22 /* ActivityIconView.swift */,
			);
			path = Shared;
			sourceTree = "<group>";
		};
		7F967C9A28B1538A00753749 /* SnapshotView */ = {
			isa = PBXGroup;
			children = (
				7F967C9B28B153B600753749 /* SnapshotViewModel.swift */,
				7F967C9728AF22FD00753749 /* SnapshotView.swift */,
			);
			path = SnapshotView;
			sourceTree = "<group>";
		};
		7FA0EB8E282089C300020DA2 = {
			isa = PBXGroup;
			children = (
				7F49D2C928BC254B003CC1F5 /* FitVizWidgetExtension.entitlements */,
				7FA0EB99282089C400020DA2 /* FitViz */,
				7F49D26528BBC631003CC1F5 /* FitVizTests */,
				7F49D2A928BBEE19003CC1F5 /* FitVizWidget */,
				7FA0EB98282089C400020DA2 /* Products */,
				7FA0EBBD2827141600020DA2 /* Frameworks */,
			);
			sourceTree = "<group>";
		};
		7FA0EB98282089C400020DA2 /* Products */ = {
			isa = PBXGroup;
			children = (
				7FA0EB97282089C400020DA2 /* FitViz.app */,
				7F49D26428BBC631003CC1F5 /* FitVizTests.xctest */,
				7F49D2A428BBEE19003CC1F5 /* FitVizWidgetExtension.appex */,
			);
			name = Products;
			sourceTree = "<group>";
		};
		7FA0EB99282089C400020DA2 /* FitViz */ = {
			isa = PBXGroup;
			children = (
				7F4E8D4A28569CBA003B0A04 /* Info.plist */,
				7FA0EBBC2827141200020DA2 /* FitViz.entitlements */,
				7FA0EBB52820908900020DA2 /* Managers */,
				7FA0EBAF28208DE800020DA2 /* Utilities */,
				7FA0EBC028271EAC00020DA2 /* Model */,
				7FA0EBAB28208D6600020DA2 /* Views */,
				7FA0EB9A282089C400020DA2 /* FitVizApp.swift */,
				7FA0EB9E282089C700020DA2 /* Assets.xcassets */,
				7FA0EBA0282089C700020DA2 /* Preview Content */,
			);
			path = FitViz;
			sourceTree = "<group>";
		};
		7FA0EBA0282089C700020DA2 /* Preview Content */ = {
			isa = PBXGroup;
			children = (
				7FA0EBA1282089C700020DA2 /* Preview Assets.xcassets */,
			);
			path = "Preview Content";
			sourceTree = "<group>";
		};
		7FA0EBAB28208D6600020DA2 /* Views */ = {
			isa = PBXGroup;
			children = (
				7F967C9928B1538400753749 /* Shared */,
				7FA0EBAC28208D7300020DA2 /* RootView */,
				7FA0EBB228208E5000020DA2 /* HomeFeedView */,
				7F093D2C2880F40C00AC0D75 /* ActivityView */,
				7FEE2E0428A852D0000BA4CC /* CalendarView */,
				7FFAAA18289CC52900BC7672 /* StatsView */,
				7F0EB6CD284C127F00721D81 /* SettingsView */,
				7F4E8D3B28567040003B0A04 /* DeveloperView */,
				7F1D5F912898A30000DD59A6 /* LoadingView.swift */,
			);
			path = Views;
			sourceTree = "<group>";
		};
		7FA0EBAC28208D7300020DA2 /* RootView */ = {
			isa = PBXGroup;
			children = (
				7FA0EBAD28208D8B00020DA2 /* RootViewModel.swift */,
				7FA0EB9C282089C400020DA2 /* RootView.swift */,
			);
			path = RootView;
			sourceTree = "<group>";
		};
		7FA0EBAF28208DE800020DA2 /* Utilities */ = {
			isa = PBXGroup;
			children = (
				7FA0EBC528396C5200020DA2 /* Extensions */,
				7FA0EBB028208DFE00020DA2 /* Source.swift */,
				7FA0EBBA282092F100020DA2 /* Constants.swift */,
				7F4E8D33285533D0003B0A04 /* CustomError.swift */,
				7F4E8D4628567F04003B0A04 /* AuthDetails.swift */,
				7F093D312883325700AC0D75 /* DistanceRange.swift */,
				7F55C44B2895C52500F2FAAE /* AlertItem.swift */,
			);
			path = Utilities;
			sourceTree = "<group>";
		};
		7FA0EBB228208E5000020DA2 /* HomeFeedView */ = {
			isa = PBXGroup;
			children = (
				7FA0EBB82820925B00020DA2 /* HomeFeedViewModel.swift */,
				7FA0EBB328208E8D00020DA2 /* HomeFeedView.swift */,
				7FA0EBC32827218900020DA2 /* ActivityListView.swift */,
				7F0EB6C9283DB13C00721D81 /* ActivityListCellView.swift */,
			);
			path = HomeFeedView;
			sourceTree = "<group>";
		};
		7FA0EBB52820908900020DA2 /* Managers */ = {
			isa = PBXGroup;
			children = (
				7F4E8D4428567C71003B0A04 /* AuthorizationManager.swift */,
				7FA0EBB6282090A000020DA2 /* CloudKitManager.swift */,
				7F4E8D312855328D003B0A04 /* NetworkManager.swift */,
				7F4E8D3728553AD4003B0A04 /* ActivityRequestManager.swift */,
				7FEFB12E286175F400A7408D /* HealthKitManager.swift */,
				7F4E8D412856779F003B0A04 /* KeychainManager.swift */,
				7FB5769C285FB5BD007FF570 /* UserDefaultsManager.swift */,
			);
			path = Managers;
			sourceTree = "<group>";
		};
		7FA0EBBD2827141600020DA2 /* Frameworks */ = {
			isa = PBXGroup;
			children = (
				7FEFB12C286175BF00A7408D /* HealthKit.framework */,
				7FA0EBBE2827141600020DA2 /* CloudKit.framework */,
				7F49D2A528BBEE19003CC1F5 /* WidgetKit.framework */,
				7F49D2A728BBEE19003CC1F5 /* SwiftUI.framework */,
			);
			name = Frameworks;
			sourceTree = "<group>";
		};
		7FA0EBC028271EAC00020DA2 /* Model */ = {
			isa = PBXGroup;
			children = (
				7F861C7A2862B2D600D47C2A /* Cloudkit */,
				7F0EB6CB283DB1AC00721D81 /* MockData.swift */,
				7F4E8D3528553A48003B0A04 /* StravaActivity.swift */,
				7F4E8D4828569A9D003B0A04 /* TokenResponse.swift */,
			);
			path = Model;
			sourceTree = "<group>";
		};
		7FA0EBC528396C5200020DA2 /* Extensions */ = {
			isa = PBXGroup;
			children = (
				7F0EB6D0284D3CFF00721D81 /* Double+Ext.swift */,
				7F4E8D2F285509A4003B0A04 /* String+Ext.swift */,
				7F42D98A289F1EAE00816250 /* Binding+Ext.swift */,
				7F42D98C289F221700816250 /* Date+Ext.swift */,
				7FF8AA7128A5D1BD0023E64E /* Array+Ext.swift */,
				7FF8AA7328A5D6100023E64E /* Int+Ext.swift */,
			);
			path = Extensions;
			sourceTree = "<group>";
		};
		7FEE2E0428A852D0000BA4CC /* CalendarView */ = {
			isa = PBXGroup;
			children = (
				7FEE2E0928A8563F000BA4CC /* CalendarScreenViewModel.swift */,
				7FEE2E0528A852EE000BA4CC /* CalendarScreenView.swift */,
				7FEE2E0728A85385000BA4CC /* CalendarView.swift */,
			);
			path = CalendarView;
			sourceTree = "<group>";
		};
		7FFAAA18289CC52900BC7672 /* StatsView */ = {
			isa = PBXGroup;
			children = (
				7F70BB3D289CC6A1000DAC26 /* StatsViewModel.swift */,
				7FFAAA19289CC54200BC7672 /* StatsView.swift */,
				7F27057C28A5CD010041C8FF /* Charts */,
				7F57046028A81A2D00104B02 /* MostCommonDayView.swift */,
				7F57046228A81D5200104B02 /* MostCommonDayViewModel.swift */,
			);
			path = StatsView;
			sourceTree = "<group>";
		};
/* End PBXGroup section */

/* Begin PBXNativeTarget section */
		7F49D26328BBC631003CC1F5 /* FitVizTests */ = {
			isa = PBXNativeTarget;
			buildConfigurationList = 7F49D26C28BBC632003CC1F5 /* Build configuration list for PBXNativeTarget "FitVizTests" */;
			buildPhases = (
				7F49D26028BBC631003CC1F5 /* Sources */,
				7F49D26128BBC631003CC1F5 /* Frameworks */,
				7F49D26228BBC631003CC1F5 /* Resources */,
			);
			buildRules = (
			);
			dependencies = (
				7F49D26928BBC631003CC1F5 /* PBXTargetDependency */,
			);
			name = FitVizTests;
			productName = FitVizTests;
			productReference = 7F49D26428BBC631003CC1F5 /* FitVizTests.xctest */;
			productType = "com.apple.product-type.bundle.unit-test";
		};
		7F49D2A328BBEE18003CC1F5 /* FitVizWidgetExtension */ = {
			isa = PBXNativeTarget;
			buildConfigurationList = 7F49D2B228BBEE1B003CC1F5 /* Build configuration list for PBXNativeTarget "FitVizWidgetExtension" */;
			buildPhases = (
				7F49D2A028BBEE18003CC1F5 /* Sources */,
				7F49D2A128BBEE18003CC1F5 /* Frameworks */,
				7F49D2A228BBEE18003CC1F5 /* Resources */,
			);
			buildRules = (
			);
			dependencies = (
			);
			name = FitVizWidgetExtension;
			productName = FitVizWidgetExtension;
			productReference = 7F49D2A428BBEE19003CC1F5 /* FitVizWidgetExtension.appex */;
			productType = "com.apple.product-type.app-extension";
		};
		7FA0EB96282089C400020DA2 /* FitViz */ = {
			isa = PBXNativeTarget;
			buildConfigurationList = 7FA0EBA5282089C700020DA2 /* Build configuration list for PBXNativeTarget "FitViz" */;
			buildPhases = (
				7FA0EB93282089C400020DA2 /* Sources */,
				7FA0EB94282089C400020DA2 /* Frameworks */,
				7FA0EB95282089C400020DA2 /* Resources */,
				7F49D2B528BBEE1B003CC1F5 /* Embed Foundation Extensions */,
			);
			buildRules = (
			);
			dependencies = (
				7F49D2B028BBEE1A003CC1F5 /* PBXTargetDependency */,
			);
			name = FitViz;
			packageProductDependencies = (
				7FA0EBA928208C8D00020DA2 /* StravaApiPackage */,
				7F4E8D3F285672B8003B0A04 /* KeychainAccess */,
			);
			productName = FitViz;
			productReference = 7FA0EB97282089C400020DA2 /* FitViz.app */;
			productType = "com.apple.product-type.application";
		};
/* End PBXNativeTarget section */

/* Begin PBXProject section */
		7FA0EB8F282089C300020DA2 /* Project object */ = {
			isa = PBXProject;
			attributes = {
				BuildIndependentTargetsInParallel = 1;
				LastSwiftUpdateCheck = 1400;
				LastUpgradeCheck = 1320;
				TargetAttributes = {
					7F49D26328BBC631003CC1F5 = {
						CreatedOnToolsVersion = 14.0;
						TestTargetID = 7FA0EB96282089C400020DA2;
					};
					7F49D2A328BBEE18003CC1F5 = {
						CreatedOnToolsVersion = 14.0;
					};
					7FA0EB96282089C400020DA2 = {
						CreatedOnToolsVersion = 13.2.1;
					};
				};
			};
			buildConfigurationList = 7FA0EB92282089C300020DA2 /* Build configuration list for PBXProject "FitViz" */;
			compatibilityVersion = "Xcode 13.0";
			developmentRegion = en;
			hasScannedForEncodings = 0;
			knownRegions = (
				en,
				Base,
			);
			mainGroup = 7FA0EB8E282089C300020DA2;
			packageReferences = (
				7FA0EBA828208C8D00020DA2 /* XCRemoteSwiftPackageReference "StravaApiPackage" */,
				7F4E8D3E285672B8003B0A04 /* XCRemoteSwiftPackageReference "KeychainAccess" */,
			);
			productRefGroup = 7FA0EB98282089C400020DA2 /* Products */;
			projectDirPath = "";
			projectRoot = "";
			targets = (
				7FA0EB96282089C400020DA2 /* FitViz */,
				7F49D26328BBC631003CC1F5 /* FitVizTests */,
				7F49D2A328BBEE18003CC1F5 /* FitVizWidgetExtension */,
			);
		};
/* End PBXProject section */

/* Begin PBXResourcesBuildPhase section */
		7F49D26228BBC631003CC1F5 /* Resources */ = {
			isa = PBXResourcesBuildPhase;
			buildActionMask = 2147483647;
			files = (
			);
			runOnlyForDeploymentPostprocessing = 0;
		};
		7F49D2A228BBEE18003CC1F5 /* Resources */ = {
			isa = PBXResourcesBuildPhase;
			buildActionMask = 2147483647;
			files = (
				7F49D2AD28BBEE1A003CC1F5 /* Assets.xcassets in Resources */,
			);
			runOnlyForDeploymentPostprocessing = 0;
		};
		7FA0EB95282089C400020DA2 /* Resources */ = {
			isa = PBXResourcesBuildPhase;
			buildActionMask = 2147483647;
			files = (
				7FA0EBA2282089C700020DA2 /* Preview Assets.xcassets in Resources */,
				7FA0EB9F282089C700020DA2 /* Assets.xcassets in Resources */,
			);
			runOnlyForDeploymentPostprocessing = 0;
		};
/* End PBXResourcesBuildPhase section */

/* Begin PBXSourcesBuildPhase section */
		7F49D26028BBC631003CC1F5 /* Sources */ = {
			isa = PBXSourcesBuildPhase;
			buildActionMask = 2147483647;
			files = (
				7F49D26728BBC631003CC1F5 /* FitVizTests.swift in Sources */,
				7F49D26E28BBC671003CC1F5 /* DateExtensionTests.swift in Sources */,
			);
			runOnlyForDeploymentPostprocessing = 0;
		};
		7F49D2A028BBEE18003CC1F5 /* Sources */ = {
			isa = PBXSourcesBuildPhase;
			buildActionMask = 2147483647;
			files = (
				7F49D2D928BEDE6B003CC1F5 /* PreviousWeeksChartView.swift in Sources */,
				7F49D2C128BC23C2003CC1F5 /* Constants.swift in Sources */,
				7F49D2BE28BC22F9003CC1F5 /* CloudKitManager.swift in Sources */,
				7F49D2D828BDB266003CC1F5 /* PreviousWeeksChartWidget.swift in Sources */,
				7F49D2C328BC23D7003CC1F5 /* FVSourceInformation.swift in Sources */,
				7F49D2C228BC23CF003CC1F5 /* Source.swift in Sources */,
				7F49D2DD28BEE2EB003CC1F5 /* Double+Ext.swift in Sources */,
				7F49D2C028BC2319003CC1F5 /* MockData.swift in Sources */,
				7F49D2D628BDB1E1003CC1F5 /* WidgetBundle.swift in Sources */,
				7F49D2C728BC23FD003CC1F5 /* AuthDetails.swift in Sources */,
				7F49D2C828BC247C003CC1F5 /* String+Ext.swift in Sources */,
				7F49D2DC28BEE12F003CC1F5 /* Array+Ext.swift in Sources */,
				7F49D2C528BC23E7003CC1F5 /* Int+Ext.swift in Sources */,
				7F49D2BF28BC22FF003CC1F5 /* FVActivity.swift in Sources */,
				7F49D2C428BC23DE003CC1F5 /* DistanceRange.swift in Sources */,
				7F49D2AB28BBEE19003CC1F5 /* LatestActivityWidget.swift in Sources */,
				7F49D2C628BC23F8003CC1F5 /* Date+Ext.swift in Sources */,
			);
			runOnlyForDeploymentPostprocessing = 0;
		};
		7FA0EB93282089C400020DA2 /* Sources */ = {
			isa = PBXSourcesBuildPhase;
			buildActionMask = 2147483647;
			files = (
				7F92D60E28B5B08200EFDF22 /* ActivityIconView.swift in Sources */,
				7F967C9828AF22FD00753749 /* SnapshotView.swift in Sources */,
				7F27057928A5CCE20041C8FF /* PreviousWeeksChartView.swift in Sources */,
				7F4E8D3828553AD4003B0A04 /* ActivityRequestManager.swift in Sources */,
				7FA0EBB128208DFE00020DA2 /* Source.swift in Sources */,
				7FA0EBC42827218900020DA2 /* ActivityListView.swift in Sources */,
				7FA0EBB428208E8D00020DA2 /* HomeFeedView.swift in Sources */,
				7F967C9C28B153B600753749 /* SnapshotViewModel.swift in Sources */,
				7F0EB6CC283DB1AC00721D81 /* MockData.swift in Sources */,
				7F093D2E2880F42300AC0D75 /* ActivityViewModel.swift in Sources */,
				7F093D322883325700AC0D75 /* DistanceRange.swift in Sources */,
				7F4E8D3D285670D0003B0A04 /* DeveloperViewModel.swift in Sources */,
				7FFAAA1A289CC54200BC7672 /* StatsView.swift in Sources */,
				7FA0EBB7282090A000020DA2 /* CloudKitManager.swift in Sources */,
				7F4E8D34285533D0003B0A04 /* CustomError.swift in Sources */,
				7FA0EB9D282089C400020DA2 /* RootView.swift in Sources */,
				7F0EB6CA283DB13C00721D81 /* ActivityListCellView.swift in Sources */,
				7F4E8D4728567F04003B0A04 /* AuthDetails.swift in Sources */,
				7F0EB6CF284C12AB00721D81 /* SettingsView.swift in Sources */,
				7F42D98D289F221700816250 /* Date+Ext.swift in Sources */,
				7FA0EBC228271EBF00020DA2 /* FVActivity.swift in Sources */,
				7F4E8D3A28567009003B0A04 /* DeveloperView.swift in Sources */,
				7F92D60C28B5AF9600EFDF22 /* ActivitySimpleListView.swift in Sources */,
				7F4E8D322855328D003B0A04 /* NetworkManager.swift in Sources */,
				7F4E8D4928569A9D003B0A04 /* TokenResponse.swift in Sources */,
				7FA0EBB92820925B00020DA2 /* HomeFeedViewModel.swift in Sources */,
				7F57046328A81D5200104B02 /* MostCommonDayViewModel.swift in Sources */,
				7FA0EBAE28208D8B00020DA2 /* RootViewModel.swift in Sources */,
				7F4E8D4528567C71003B0A04 /* AuthorizationManager.swift in Sources */,
				7F4E8D422856779F003B0A04 /* KeychainManager.swift in Sources */,
				7F4E8D3628553A48003B0A04 /* StravaActivity.swift in Sources */,
				7FA0EB9B282089C400020DA2 /* FitVizApp.swift in Sources */,
				7F093D342884D4D500AC0D75 /* MapView.swift in Sources */,
				7FB5769D285FB5BE007FF570 /* UserDefaultsManager.swift in Sources */,
				7FA0EBBB282092F100020DA2 /* Constants.swift in Sources */,
				7F57045D28A8114800104B02 /* TimeOfDayView.swift in Sources */,
				7F1D4920289204C90094DC9C /* MapSheetView.swift in Sources */,
				7F093D302880F42D00AC0D75 /* ActivityView.swift in Sources */,
				7F57045F28A8117300104B02 /* TimeOfDayViewModel.swift in Sources */,
				7F55C44C2895C52500F2FAAE /* AlertItem.swift in Sources */,
				7F57046128A81A2D00104B02 /* MostCommonDayView.swift in Sources */,
				7F4E8D30285509A5003B0A04 /* String+Ext.swift in Sources */,
				7F70BB3E289CC6A1000DAC26 /* StatsViewModel.swift in Sources */,
				7FEE2E0628A852EE000BA4CC /* CalendarScreenView.swift in Sources */,
				7F42D98B289F1EAE00816250 /* Binding+Ext.swift in Sources */,
				7FEE2E0A28A8563F000BA4CC /* CalendarScreenViewModel.swift in Sources */,
				7FF8AA7428A5D6100023E64E /* Int+Ext.swift in Sources */,
				7FEE2E0828A85385000BA4CC /* CalendarView.swift in Sources */,
				7FEFB12F286175F400A7408D /* HealthKitManager.swift in Sources */,
				7F0EB6D1284D3CFF00721D81 /* Double+Ext.swift in Sources */,
				7FF8AA7228A5D1BD0023E64E /* Array+Ext.swift in Sources */,
				7F1D5F922898A30000DD59A6 /* LoadingView.swift in Sources */,
				7F861C7C2862B39C00D47C2A /* FVSourceInformation.swift in Sources */,
			);
			runOnlyForDeploymentPostprocessing = 0;
		};
/* End PBXSourcesBuildPhase section */

/* Begin PBXTargetDependency section */
		7F49D26928BBC631003CC1F5 /* PBXTargetDependency */ = {
			isa = PBXTargetDependency;
			target = 7FA0EB96282089C400020DA2 /* FitViz */;
			targetProxy = 7F49D26828BBC631003CC1F5 /* PBXContainerItemProxy */;
		};
		7F49D2B028BBEE1A003CC1F5 /* PBXTargetDependency */ = {
			isa = PBXTargetDependency;
			target = 7F49D2A328BBEE18003CC1F5 /* FitVizWidgetExtension */;
			targetProxy = 7F49D2AF28BBEE1A003CC1F5 /* PBXContainerItemProxy */;
		};
/* End PBXTargetDependency section */

/* Begin XCBuildConfiguration section */
		7F49D26A28BBC632003CC1F5 /* Debug */ = {
			isa = XCBuildConfiguration;
			buildSettings = {
				BUNDLE_LOADER = "$(TEST_HOST)";
				CLANG_CXX_LANGUAGE_STANDARD = "gnu++20";
				CODE_SIGN_STYLE = Automatic;
				CURRENT_PROJECT_VERSION = 1;
				DEVELOPMENT_TEAM = T24L76PMG9;
				GENERATE_INFOPLIST_FILE = YES;
				MARKETING_VERSION = 1.0;
				PRODUCT_BUNDLE_IDENTIFIER = com.comedichoney.FitVizTests;
				PRODUCT_NAME = "$(TARGET_NAME)";
				SWIFT_EMIT_LOC_STRINGS = NO;
				SWIFT_VERSION = 5.0;
				TARGETED_DEVICE_FAMILY = "1,2";
				TEST_HOST = "$(BUILT_PRODUCTS_DIR)/FitViz.app/$(BUNDLE_EXECUTABLE_FOLDER_PATH)/FitViz";
			};
			name = Debug;
		};
		7F49D26B28BBC632003CC1F5 /* Release */ = {
			isa = XCBuildConfiguration;
			buildSettings = {
				BUNDLE_LOADER = "$(TEST_HOST)";
				CLANG_CXX_LANGUAGE_STANDARD = "gnu++20";
				CODE_SIGN_STYLE = Automatic;
				CURRENT_PROJECT_VERSION = 1;
				DEVELOPMENT_TEAM = T24L76PMG9;
				GENERATE_INFOPLIST_FILE = YES;
				MARKETING_VERSION = 1.0;
				PRODUCT_BUNDLE_IDENTIFIER = com.comedichoney.FitVizTests;
				PRODUCT_NAME = "$(TARGET_NAME)";
				SWIFT_EMIT_LOC_STRINGS = NO;
				SWIFT_VERSION = 5.0;
				TARGETED_DEVICE_FAMILY = "1,2";
				TEST_HOST = "$(BUILT_PRODUCTS_DIR)/FitViz.app/$(BUNDLE_EXECUTABLE_FOLDER_PATH)/FitViz";
			};
			name = Release;
		};
		7F49D2B328BBEE1B003CC1F5 /* Debug */ = {
			isa = XCBuildConfiguration;
			buildSettings = {
				ASSETCATALOG_COMPILER_GLOBAL_ACCENT_COLOR_NAME = AccentColor;
				ASSETCATALOG_COMPILER_WIDGET_BACKGROUND_COLOR_NAME = WidgetBackground;
				CLANG_CXX_LANGUAGE_STANDARD = "gnu++20";
				CODE_SIGN_ENTITLEMENTS = FitVizWidgetExtension.entitlements;
				CODE_SIGN_IDENTITY = "Apple Development";
				CODE_SIGN_STYLE = Automatic;
				CURRENT_PROJECT_VERSION = 1;
				DEVELOPMENT_TEAM = T24L76PMG9;
				GENERATE_INFOPLIST_FILE = YES;
				INFOPLIST_FILE = FitVizWidget/Info.plist;
				INFOPLIST_KEY_CFBundleDisplayName = FitVizWidget;
				INFOPLIST_KEY_NSHumanReadableCopyright = "";
				LD_RUNPATH_SEARCH_PATHS = (
					"$(inherited)",
					"@executable_path/Frameworks",
					"@executable_path/../../Frameworks",
				);
				MARKETING_VERSION = 1.0;
				PRODUCT_BUNDLE_IDENTIFIER = com.comedichoney.FitViz.FitVizWidget;
				PRODUCT_NAME = "$(TARGET_NAME)";
				SKIP_INSTALL = YES;
				SWIFT_EMIT_LOC_STRINGS = YES;
				SWIFT_VERSION = 5.0;
				TARGETED_DEVICE_FAMILY = "1,2";
			};
			name = Debug;
		};
		7F49D2B428BBEE1B003CC1F5 /* Release */ = {
			isa = XCBuildConfiguration;
			buildSettings = {
				ASSETCATALOG_COMPILER_GLOBAL_ACCENT_COLOR_NAME = AccentColor;
				ASSETCATALOG_COMPILER_WIDGET_BACKGROUND_COLOR_NAME = WidgetBackground;
				CLANG_CXX_LANGUAGE_STANDARD = "gnu++20";
				CODE_SIGN_ENTITLEMENTS = FitVizWidgetExtension.entitlements;
				CODE_SIGN_IDENTITY = "Apple Development";
				CODE_SIGN_STYLE = Automatic;
				CURRENT_PROJECT_VERSION = 1;
				DEVELOPMENT_TEAM = T24L76PMG9;
				GENERATE_INFOPLIST_FILE = YES;
				INFOPLIST_FILE = FitVizWidget/Info.plist;
				INFOPLIST_KEY_CFBundleDisplayName = FitVizWidget;
				INFOPLIST_KEY_NSHumanReadableCopyright = "";
				LD_RUNPATH_SEARCH_PATHS = (
					"$(inherited)",
					"@executable_path/Frameworks",
					"@executable_path/../../Frameworks",
				);
				MARKETING_VERSION = 1.0;
				PRODUCT_BUNDLE_IDENTIFIER = com.comedichoney.FitViz.FitVizWidget;
				PRODUCT_NAME = "$(TARGET_NAME)";
				SKIP_INSTALL = YES;
				SWIFT_EMIT_LOC_STRINGS = YES;
				SWIFT_VERSION = 5.0;
				TARGETED_DEVICE_FAMILY = "1,2";
			};
			name = Release;
		};
		7FA0EBA3282089C700020DA2 /* Debug */ = {
			isa = XCBuildConfiguration;
			buildSettings = {
				ALWAYS_SEARCH_USER_PATHS = NO;
				CLANG_ANALYZER_NONNULL = YES;
				CLANG_ANALYZER_NUMBER_OBJECT_CONVERSION = YES_AGGRESSIVE;
				CLANG_CXX_LANGUAGE_STANDARD = "gnu++17";
				CLANG_CXX_LIBRARY = "libc++";
				CLANG_ENABLE_MODULES = YES;
				CLANG_ENABLE_OBJC_ARC = YES;
				CLANG_ENABLE_OBJC_WEAK = YES;
				CLANG_WARN_BLOCK_CAPTURE_AUTORELEASING = YES;
				CLANG_WARN_BOOL_CONVERSION = YES;
				CLANG_WARN_COMMA = YES;
				CLANG_WARN_CONSTANT_CONVERSION = YES;
				CLANG_WARN_DEPRECATED_OBJC_IMPLEMENTATIONS = YES;
				CLANG_WARN_DIRECT_OBJC_ISA_USAGE = YES_ERROR;
				CLANG_WARN_DOCUMENTATION_COMMENTS = YES;
				CLANG_WARN_EMPTY_BODY = YES;
				CLANG_WARN_ENUM_CONVERSION = YES;
				CLANG_WARN_INFINITE_RECURSION = YES;
				CLANG_WARN_INT_CONVERSION = YES;
				CLANG_WARN_NON_LITERAL_NULL_CONVERSION = YES;
				CLANG_WARN_OBJC_IMPLICIT_RETAIN_SELF = YES;
				CLANG_WARN_OBJC_LITERAL_CONVERSION = YES;
				CLANG_WARN_OBJC_ROOT_CLASS = YES_ERROR;
				CLANG_WARN_QUOTED_INCLUDE_IN_FRAMEWORK_HEADER = YES;
				CLANG_WARN_RANGE_LOOP_ANALYSIS = YES;
				CLANG_WARN_STRICT_PROTOTYPES = YES;
				CLANG_WARN_SUSPICIOUS_MOVE = YES;
				CLANG_WARN_UNGUARDED_AVAILABILITY = YES_AGGRESSIVE;
				CLANG_WARN_UNREACHABLE_CODE = YES;
				CLANG_WARN__DUPLICATE_METHOD_MATCH = YES;
				COPY_PHASE_STRIP = NO;
				DEBUG_INFORMATION_FORMAT = dwarf;
				ENABLE_STRICT_OBJC_MSGSEND = YES;
				ENABLE_TESTABILITY = YES;
				GCC_C_LANGUAGE_STANDARD = gnu11;
				GCC_DYNAMIC_NO_PIC = NO;
				GCC_NO_COMMON_BLOCKS = YES;
				GCC_OPTIMIZATION_LEVEL = 0;
				GCC_PREPROCESSOR_DEFINITIONS = (
					"DEBUG=1",
					"$(inherited)",
				);
				GCC_WARN_64_TO_32_BIT_CONVERSION = YES;
				GCC_WARN_ABOUT_RETURN_TYPE = YES_ERROR;
				GCC_WARN_UNDECLARED_SELECTOR = YES;
				GCC_WARN_UNINITIALIZED_AUTOS = YES_AGGRESSIVE;
				GCC_WARN_UNUSED_FUNCTION = YES;
				GCC_WARN_UNUSED_VARIABLE = YES;
				IPHONEOS_DEPLOYMENT_TARGET = 16.0;
				MTL_ENABLE_DEBUG_INFO = INCLUDE_SOURCE;
				MTL_FAST_MATH = YES;
				ONLY_ACTIVE_ARCH = YES;
				SDKROOT = iphoneos;
				SWIFT_ACTIVE_COMPILATION_CONDITIONS = DEBUG;
				SWIFT_OPTIMIZATION_LEVEL = "-Onone";
			};
			name = Debug;
		};
		7FA0EBA4282089C700020DA2 /* Release */ = {
			isa = XCBuildConfiguration;
			buildSettings = {
				ALWAYS_SEARCH_USER_PATHS = NO;
				CLANG_ANALYZER_NONNULL = YES;
				CLANG_ANALYZER_NUMBER_OBJECT_CONVERSION = YES_AGGRESSIVE;
				CLANG_CXX_LANGUAGE_STANDARD = "gnu++17";
				CLANG_CXX_LIBRARY = "libc++";
				CLANG_ENABLE_MODULES = YES;
				CLANG_ENABLE_OBJC_ARC = YES;
				CLANG_ENABLE_OBJC_WEAK = YES;
				CLANG_WARN_BLOCK_CAPTURE_AUTORELEASING = YES;
				CLANG_WARN_BOOL_CONVERSION = YES;
				CLANG_WARN_COMMA = YES;
				CLANG_WARN_CONSTANT_CONVERSION = YES;
				CLANG_WARN_DEPRECATED_OBJC_IMPLEMENTATIONS = YES;
				CLANG_WARN_DIRECT_OBJC_ISA_USAGE = YES_ERROR;
				CLANG_WARN_DOCUMENTATION_COMMENTS = YES;
				CLANG_WARN_EMPTY_BODY = YES;
				CLANG_WARN_ENUM_CONVERSION = YES;
				CLANG_WARN_INFINITE_RECURSION = YES;
				CLANG_WARN_INT_CONVERSION = YES;
				CLANG_WARN_NON_LITERAL_NULL_CONVERSION = YES;
				CLANG_WARN_OBJC_IMPLICIT_RETAIN_SELF = YES;
				CLANG_WARN_OBJC_LITERAL_CONVERSION = YES;
				CLANG_WARN_OBJC_ROOT_CLASS = YES_ERROR;
				CLANG_WARN_QUOTED_INCLUDE_IN_FRAMEWORK_HEADER = YES;
				CLANG_WARN_RANGE_LOOP_ANALYSIS = YES;
				CLANG_WARN_STRICT_PROTOTYPES = YES;
				CLANG_WARN_SUSPICIOUS_MOVE = YES;
				CLANG_WARN_UNGUARDED_AVAILABILITY = YES_AGGRESSIVE;
				CLANG_WARN_UNREACHABLE_CODE = YES;
				CLANG_WARN__DUPLICATE_METHOD_MATCH = YES;
				COPY_PHASE_STRIP = NO;
				DEBUG_INFORMATION_FORMAT = "dwarf-with-dsym";
				ENABLE_NS_ASSERTIONS = NO;
				ENABLE_STRICT_OBJC_MSGSEND = YES;
				GCC_C_LANGUAGE_STANDARD = gnu11;
				GCC_NO_COMMON_BLOCKS = YES;
				GCC_WARN_64_TO_32_BIT_CONVERSION = YES;
				GCC_WARN_ABOUT_RETURN_TYPE = YES_ERROR;
				GCC_WARN_UNDECLARED_SELECTOR = YES;
				GCC_WARN_UNINITIALIZED_AUTOS = YES_AGGRESSIVE;
				GCC_WARN_UNUSED_FUNCTION = YES;
				GCC_WARN_UNUSED_VARIABLE = YES;
				IPHONEOS_DEPLOYMENT_TARGET = 16.0;
				MTL_ENABLE_DEBUG_INFO = NO;
				MTL_FAST_MATH = YES;
				SDKROOT = iphoneos;
				SWIFT_COMPILATION_MODE = wholemodule;
				SWIFT_OPTIMIZATION_LEVEL = "-O";
				VALIDATE_PRODUCT = YES;
			};
			name = Release;
		};
		7FA0EBA6282089C700020DA2 /* Debug */ = {
			isa = XCBuildConfiguration;
			buildSettings = {
				ALWAYS_EMBED_SWIFT_STANDARD_LIBRARIES = YES;
				ASSETCATALOG_COMPILER_APPICON_NAME = AppIcon;
				ASSETCATALOG_COMPILER_GLOBAL_ACCENT_COLOR_NAME = AccentColor;
				CODE_SIGN_ENTITLEMENTS = FitViz/FitViz.entitlements;
				CODE_SIGN_IDENTITY = "Apple Development";
				CODE_SIGN_STYLE = Automatic;
				CURRENT_PROJECT_VERSION = 1;
				DEVELOPMENT_ASSET_PATHS = "\"FitViz/Preview Content\"";
				DEVELOPMENT_TEAM = T24L76PMG9;
				ENABLE_PREVIEWS = YES;
				GENERATE_INFOPLIST_FILE = YES;
				INFOPLIST_FILE = FitViz/Info.plist;
				INFOPLIST_KEY_UIApplicationSceneManifest_Generation = YES;
				INFOPLIST_KEY_UIApplicationSupportsIndirectInputEvents = YES;
				INFOPLIST_KEY_UILaunchScreen_Generation = YES;
				INFOPLIST_KEY_UISupportedInterfaceOrientations_iPad = "UIInterfaceOrientationPortrait UIInterfaceOrientationPortraitUpsideDown UIInterfaceOrientationLandscapeLeft UIInterfaceOrientationLandscapeRight";
				INFOPLIST_KEY_UISupportedInterfaceOrientations_iPhone = "UIInterfaceOrientationPortrait UIInterfaceOrientationLandscapeLeft UIInterfaceOrientationLandscapeRight";
				IPHONEOS_DEPLOYMENT_TARGET = 16.0;
				LD_RUNPATH_SEARCH_PATHS = (
					"$(inherited)",
					"@executable_path/Frameworks",
				);
				MARKETING_VERSION = 1.0;
				PRODUCT_BUNDLE_IDENTIFIER = com.comedichoney.FitViz;
				PRODUCT_NAME = "$(TARGET_NAME)";
				PROVISIONING_PROFILE_SPECIFIER = "";
				SWIFT_EMIT_LOC_STRINGS = YES;
				SWIFT_VERSION = 5.0;
				TARGETED_DEVICE_FAMILY = "1,2";
			};
			name = Debug;
		};
		7FA0EBA7282089C700020DA2 /* Release */ = {
			isa = XCBuildConfiguration;
			buildSettings = {
				ALWAYS_EMBED_SWIFT_STANDARD_LIBRARIES = YES;
				ASSETCATALOG_COMPILER_APPICON_NAME = AppIcon;
				ASSETCATALOG_COMPILER_GLOBAL_ACCENT_COLOR_NAME = AccentColor;
				CODE_SIGN_ENTITLEMENTS = FitViz/FitViz.entitlements;
				CODE_SIGN_IDENTITY = "Apple Development";
				CODE_SIGN_STYLE = Automatic;
				CURRENT_PROJECT_VERSION = 1;
				DEVELOPMENT_ASSET_PATHS = "\"FitViz/Preview Content\"";
				DEVELOPMENT_TEAM = T24L76PMG9;
				ENABLE_PREVIEWS = YES;
				GENERATE_INFOPLIST_FILE = YES;
				INFOPLIST_FILE = FitViz/Info.plist;
				INFOPLIST_KEY_UIApplicationSceneManifest_Generation = YES;
				INFOPLIST_KEY_UIApplicationSupportsIndirectInputEvents = YES;
				INFOPLIST_KEY_UILaunchScreen_Generation = YES;
				INFOPLIST_KEY_UISupportedInterfaceOrientations_iPad = "UIInterfaceOrientationPortrait UIInterfaceOrientationPortraitUpsideDown UIInterfaceOrientationLandscapeLeft UIInterfaceOrientationLandscapeRight";
				INFOPLIST_KEY_UISupportedInterfaceOrientations_iPhone = "UIInterfaceOrientationPortrait UIInterfaceOrientationLandscapeLeft UIInterfaceOrientationLandscapeRight";
				IPHONEOS_DEPLOYMENT_TARGET = 16.0;
				LD_RUNPATH_SEARCH_PATHS = (
					"$(inherited)",
					"@executable_path/Frameworks",
				);
				MARKETING_VERSION = 1.0;
				PRODUCT_BUNDLE_IDENTIFIER = com.comedichoney.FitViz;
				PRODUCT_NAME = "$(TARGET_NAME)";
				PROVISIONING_PROFILE_SPECIFIER = "";
				SWIFT_EMIT_LOC_STRINGS = YES;
				SWIFT_VERSION = 5.0;
				TARGETED_DEVICE_FAMILY = "1,2";
			};
			name = Release;
		};
/* End XCBuildConfiguration section */

/* Begin XCConfigurationList section */
		7F49D26C28BBC632003CC1F5 /* Build configuration list for PBXNativeTarget "FitVizTests" */ = {
			isa = XCConfigurationList;
			buildConfigurations = (
				7F49D26A28BBC632003CC1F5 /* Debug */,
				7F49D26B28BBC632003CC1F5 /* Release */,
			);
			defaultConfigurationIsVisible = 0;
			defaultConfigurationName = Release;
		};
		7F49D2B228BBEE1B003CC1F5 /* Build configuration list for PBXNativeTarget "FitVizWidgetExtension" */ = {
			isa = XCConfigurationList;
			buildConfigurations = (
				7F49D2B328BBEE1B003CC1F5 /* Debug */,
				7F49D2B428BBEE1B003CC1F5 /* Release */,
			);
			defaultConfigurationIsVisible = 0;
			defaultConfigurationName = Release;
		};
		7FA0EB92282089C300020DA2 /* Build configuration list for PBXProject "FitViz" */ = {
			isa = XCConfigurationList;
			buildConfigurations = (
				7FA0EBA3282089C700020DA2 /* Debug */,
				7FA0EBA4282089C700020DA2 /* Release */,
			);
			defaultConfigurationIsVisible = 0;
			defaultConfigurationName = Release;
		};
		7FA0EBA5282089C700020DA2 /* Build configuration list for PBXNativeTarget "FitViz" */ = {
			isa = XCConfigurationList;
			buildConfigurations = (
				7FA0EBA6282089C700020DA2 /* Debug */,
				7FA0EBA7282089C700020DA2 /* Release */,
			);
			defaultConfigurationIsVisible = 0;
			defaultConfigurationName = Release;
		};
/* End XCConfigurationList section */

/* Begin XCRemoteSwiftPackageReference section */
		7F4E8D3E285672B8003B0A04 /* XCRemoteSwiftPackageReference "KeychainAccess" */ = {
			isa = XCRemoteSwiftPackageReference;
			repositoryURL = "https://github.com/kishikawakatsumi/KeychainAccess";
			requirement = {
				branch = master;
				kind = branch;
			};
		};
		7FA0EBA828208C8D00020DA2 /* XCRemoteSwiftPackageReference "StravaApiPackage" */ = {
			isa = XCRemoteSwiftPackageReference;
			repositoryURL = "https://github.com/Mike-Griffin/StravaApiPackage";
			requirement = {
				kind = upToNextMajorVersion;
				minimumVersion = 0.0.9;
			};
		};
/* End XCRemoteSwiftPackageReference section */

/* Begin XCSwiftPackageProductDependency section */
		7F4E8D3F285672B8003B0A04 /* KeychainAccess */ = {
			isa = XCSwiftPackageProductDependency;
			package = 7F4E8D3E285672B8003B0A04 /* XCRemoteSwiftPackageReference "KeychainAccess" */;
			productName = KeychainAccess;
		};
		7FA0EBA928208C8D00020DA2 /* StravaApiPackage */ = {
			isa = XCSwiftPackageProductDependency;
			package = 7FA0EBA828208C8D00020DA2 /* XCRemoteSwiftPackageReference "StravaApiPackage" */;
			productName = StravaApiPackage;
		};
/* End XCSwiftPackageProductDependency section */
	};
	rootObject = 7FA0EB8F282089C300020DA2 /* Project object */;
}
