{
  "object": {
    "pins": [
      {
        "package": "KeychainAccess",
        "repositoryURL": "https://github.com/kishikawakatsumi/KeychainAccess",
        "state": {
          "branch": "master",
          "revision": "6299daec1d74be12164fec090faf9ed14d0da9d6",
          "version": null
        }
      },
      {
        "package": "StravaApiPackage",
        "repositoryURL": "https://github.com/Mike-Griffin/StravaApiPackage",
        "state": {
          "branch": null,
          "revision": "e9bd77204bac14fad7d8ee825d669f2a987b7f32",
          "version": "0.0.9"
        }
      }
    ]
  },
  "version": 1
}
